// !$*UTF8*$!
{
	archiveVersion = 1;
	classes = {
	};
	objectVersion = 50;
	objects = {

/* Begin PBXBuildFile section */
		5B7DFEAD222FFAC200ECF0D3 /* AppDelegate.swift in Sources */ = {isa = PBXBuildFile; fileRef = 5B7DFEAC222FFAC200ECF0D3 /* AppDelegate.swift */; };
		5B7DFEAF222FFAC200ECF0D3 /* MainVC.swift in Sources */ = {isa = PBXBuildFile; fileRef = 5B7DFEAE222FFAC200ECF0D3 /* MainVC.swift */; };
		5B7DFEB2222FFAC200ECF0D3 /* Main.storyboard in Resources */ = {isa = PBXBuildFile; fileRef = 5B7DFEB0222FFAC200ECF0D3 /* Main.storyboard */; };
		5B7DFEB4222FFAC500ECF0D3 /* Assets.xcassets in Resources */ = {isa = PBXBuildFile; fileRef = 5B7DFEB3222FFAC500ECF0D3 /* Assets.xcassets */; };
		5B7DFEB7222FFAC500ECF0D3 /* LaunchScreen.storyboard in Resources */ = {isa = PBXBuildFile; fileRef = 5B7DFEB5222FFAC500ECF0D3 /* LaunchScreen.storyboard */; };
		5B7DFEC8223007D500ECF0D3 /* Kelson Sans Regular RU.otf in Resources */ = {isa = PBXBuildFile; fileRef = 5B7DFEC7223007D500ECF0D3 /* Kelson Sans Regular RU.otf */; };
		5B7DFECA223012B400ECF0D3 /* CardBill.swift in Sources */ = {isa = PBXBuildFile; fileRef = 5B7DFEC9223012B400ECF0D3 /* CardBill.swift */; };
		5B7DFECE223014C700ECF0D3 /* BillCell.swift in Sources */ = {isa = PBXBuildFile; fileRef = 5B7DFECD223014C700ECF0D3 /* BillCell.swift */; };
		5B7DFED4223021AF00ECF0D3 /* CollectionViewCell1.swift in Sources */ = {isa = PBXBuildFile; fileRef = 5B7DFED3223021AF00ECF0D3 /* CollectionViewCell1.swift */; };
		5B7DFED6223027D300ECF0D3 /* CollectionViewCell2.swift in Sources */ = {isa = PBXBuildFile; fileRef = 5B7DFED5223027D300ECF0D3 /* CollectionViewCell2.swift */; };
		5B7DFEDB2230685A00ECF0D3 /* TableView.swift in Sources */ = {isa = PBXBuildFile; fileRef = 5B7DFEDA2230685A00ECF0D3 /* TableView.swift */; };
		5B7DFEDD2230698200ECF0D3 /* CollectionView.swift in Sources */ = {isa = PBXBuildFile; fileRef = 5B7DFEDC2230698200ECF0D3 /* CollectionView.swift */; };
		5B7DFEE122306A8D00ECF0D3 /* Gradient.swift in Sources */ = {isa = PBXBuildFile; fileRef = 5B7DFEE022306A8D00ECF0D3 /* Gradient.swift */; };
		5B7DFEE422306CC800ECF0D3 /* SeparatorForNumbers.swift in Sources */ = {isa = PBXBuildFile; fileRef = 5B7DFEE322306CC800ECF0D3 /* SeparatorForNumbers.swift */; };
		5B7DFEE62230702B00ECF0D3 /* .gitignore in Resources */ = {isa = PBXBuildFile; fileRef = 5B7DFEE52230702B00ECF0D3 /* .gitignore */; };
		AC0D8568225DE696002C50B1 /* ReplenishGoneVC.swift in Sources */ = {isa = PBXBuildFile; fileRef = AC0D8567225DE696002C50B1 /* ReplenishGoneVC.swift */; };
		AC110A99223A326500D1F8D8 /* TransDescribtionCell.swift in Sources */ = {isa = PBXBuildFile; fileRef = AC110A98223A326500D1F8D8 /* TransDescribtionCell.swift */; };
		AC110A9C223A59C200D1F8D8 /* WhatCountryVC.swift in Sources */ = {isa = PBXBuildFile; fileRef = AC110A9B223A59C200D1F8D8 /* WhatCountryVC.swift */; };
		AC110A9E223A59DD00D1F8D8 /* WhatCountryTablevView.swift in Sources */ = {isa = PBXBuildFile; fileRef = AC110A9D223A59DD00D1F8D8 /* WhatCountryTablevView.swift */; };
		AC110AA2223A5A5100D1F8D8 /* WhatCountryCell.swift in Sources */ = {isa = PBXBuildFile; fileRef = AC110AA1223A5A5100D1F8D8 /* WhatCountryCell.swift */; };
		AC110AAF223A83AC00D1F8D8 /* WhatCountryTextField.swift in Sources */ = {isa = PBXBuildFile; fileRef = AC110AAE223A83AC00D1F8D8 /* WhatCountryTextField.swift */; };
		AC1A5274225B26F70021B79C /* PIN VC.swift in Sources */ = {isa = PBXBuildFile; fileRef = AC1A5273225B26F70021B79C /* PIN VC.swift */; };
		AC1BA0332270534000E60848 /* DotsView.swift in Sources */ = {isa = PBXBuildFile; fileRef = AC1BA0322270534000E60848 /* DotsView.swift */; };
		AC1FF9B92271CFE4009BE5C7 /* SetNewPINVC.swift in Sources */ = {isa = PBXBuildFile; fileRef = AC1FF9B82271CFE4009BE5C7 /* SetNewPINVC.swift */; };
		AC1FF9BC2271DB7B009BE5C7 /* TouchFaceVC.swift in Sources */ = {isa = PBXBuildFile; fileRef = AC1FF9BB2271DB7B009BE5C7 /* TouchFaceVC.swift */; };
		AC24624B22819CBB006C54D4 /* PhoneVerificationService.swift in Sources */ = {isa = PBXBuildFile; fileRef = AC24624A22819CBB006C54D4 /* PhoneVerificationService.swift */; };
		AC2859EC224CF85E004852C4 /* Currency.swift in Sources */ = {isa = PBXBuildFile; fileRef = AC2859EB224CF85E004852C4 /* Currency.swift */; };
		AC3FBB5C223F6B210080F6A8 /* TransferGoneVC.swift in Sources */ = {isa = PBXBuildFile; fileRef = AC3FBB5B223F6B210080F6A8 /* TransferGoneVC.swift */; };
		AC436CAD224A6503006FA348 /* Pods_TestTaskZamZam.framework in Frameworks */ = {isa = PBXBuildFile; fileRef = AC436CAC224A6503006FA348 /* Pods_TestTaskZamZam.framework */; };
		AC52107822800ADC0069B62D /* CheckRoundView.swift in Sources */ = {isa = PBXBuildFile; fileRef = AC52107722800ADC0069B62D /* CheckRoundView.swift */; };
		AC53F9DD225627B70086A0D3 /* NotificationType.swift in Sources */ = {isa = PBXBuildFile; fileRef = AC53F9DC225627B70086A0D3 /* NotificationType.swift */; };
		AC567565223BC5EE001BBE66 /* SumAndCurrencyVC.swift in Sources */ = {isa = PBXBuildFile; fileRef = AC567564223BC5EE001BBE66 /* SumAndCurrencyVC.swift */; };
		AC56756C223BE3D2001BBE66 /* AlertViewControllers.storyboard in Resources */ = {isa = PBXBuildFile; fileRef = AC56756B223BE3D2001BBE66 /* AlertViewControllers.storyboard */; };
		AC56756E223BE652001BBE66 /* SomethingWrongVC.swift in Sources */ = {isa = PBXBuildFile; fileRef = AC56756D223BE652001BBE66 /* SomethingWrongVC.swift */; };
		AC567570223BEF0F001BBE66 /* UIColor+Additions.swift in Sources */ = {isa = PBXBuildFile; fileRef = AC56756F223BEF0F001BBE66 /* UIColor+Additions.swift */; };
		AC57896B22AA4609002043F8 /* CurrencySelectView.swift in Sources */ = {isa = PBXBuildFile; fileRef = AC57896A22AA4609002043F8 /* CurrencySelectView.swift */; };
		AC57896D22AA856F002043F8 /* CardCellNewPayment.swift in Sources */ = {isa = PBXBuildFile; fileRef = AC57896C22AA856F002043F8 /* CardCellNewPayment.swift */; };
		AC57897222AA9F1D002043F8 /* PaymentNewTFDelegate.swift in Sources */ = {isa = PBXBuildFile; fileRef = AC57897122AA9F1D002043F8 /* PaymentNewTFDelegate.swift */; };
		AC5EA1692239353700EDA066 /* TransfersVC.swift in Sources */ = {isa = PBXBuildFile; fileRef = AC5EA1682239353700EDA066 /* TransfersVC.swift */; };
		AC5EA17022393F1D00EDA066 /* TransfersTableView.swift in Sources */ = {isa = PBXBuildFile; fileRef = AC5EA16F22393F1D00EDA066 /* TransfersTableView.swift */; };
		AC5EA173223940C900EDA066 /* TransCell.swift in Sources */ = {isa = PBXBuildFile; fileRef = AC5EA172223940C900EDA066 /* TransCell.swift */; };
		AC6A5D1D2271A2560004198F /* NewPasswordVC.swift in Sources */ = {isa = PBXBuildFile; fileRef = AC6A5D1C2271A2560004198F /* NewPasswordVC.swift */; };
		AC6B2B6D225F5DF10057DCE8 /* RecipientTableview.swift in Sources */ = {isa = PBXBuildFile; fileRef = AC6B2B6C225F5DF10057DCE8 /* RecipientTableview.swift */; };
		AC6B2B6F225F5E6A0057DCE8 /* RecipientHistoryCell.swift in Sources */ = {isa = PBXBuildFile; fileRef = AC6B2B6E225F5E6A0057DCE8 /* RecipientHistoryCell.swift */; };
		AC6E2F9A2282B660001CB42E /* EnterService.swift in Sources */ = {isa = PBXBuildFile; fileRef = AC6E2F992282B660001CB42E /* EnterService.swift */; };
		AC6E2F9E2282C027001CB42E /* TokensKeys.swift in Sources */ = {isa = PBXBuildFile; fileRef = AC6E2F9D2282C027001CB42E /* TokensKeys.swift */; };
		AC71D923229E784300001C29 /* History.storyboard in Resources */ = {isa = PBXBuildFile; fileRef = AC71D922229E784300001C29 /* History.storyboard */; };
		AC71D926229E787300001C29 /* HistoryVC.swift in Sources */ = {isa = PBXBuildFile; fileRef = AC71D925229E787300001C29 /* HistoryVC.swift */; };
		AC71D928229E787F00001C29 /* HistoryTableView.swift in Sources */ = {isa = PBXBuildFile; fileRef = AC71D927229E787F00001C29 /* HistoryTableView.swift */; };
		AC71D92A229E789900001C29 /* HistoryTransactionCell.swift in Sources */ = {isa = PBXBuildFile; fileRef = AC71D929229E789900001C29 /* HistoryTransactionCell.swift */; };
		AC71D92E229E7AE900001C29 /* Zam2ZamLogosView.swift in Sources */ = {isa = PBXBuildFile; fileRef = AC71D92D229E7AE900001C29 /* Zam2ZamLogosView.swift */; };
		AC71D930229E918B00001C29 /* GetTransactionHistoryService.swift in Sources */ = {isa = PBXBuildFile; fileRef = AC71D92F229E918B00001C29 /* GetTransactionHistoryService.swift */; };
		AC71D933229EA61700001C29 /* Transaction.swift in Sources */ = {isa = PBXBuildFile; fileRef = AC71D932229EA61700001C29 /* Transaction.swift */; };
		AC829D18229D524B0019C19B /* MaterialTextFieldWithFlag.swift in Sources */ = {isa = PBXBuildFile; fileRef = AC829D17229D524B0019C19B /* MaterialTextFieldWithFlag.swift */; };
		AC829D1C229D804C0019C19B /* ButtonChooseCountry.swift in Sources */ = {isa = PBXBuildFile; fileRef = AC829D1B229D804C0019C19B /* ButtonChooseCountry.swift */; };
		AC8D62C422574664004D0323 /* TFService.swift in Sources */ = {isa = PBXBuildFile; fileRef = AC8D62C322574664004D0323 /* TFService.swift */; };
		AC8D62C92257544F004D0323 /* EnterVC.swift in Sources */ = {isa = PBXBuildFile; fileRef = AC8D62C82257544F004D0323 /* EnterVC.swift */; };
		AC92424C229D0DFC00299D51 /* Profile.storyboard in Resources */ = {isa = PBXBuildFile; fileRef = AC92424B229D0DFC00299D51 /* Profile.storyboard */; };
		AC92424F229D0E2F00299D51 /* ProfileVC.swift in Sources */ = {isa = PBXBuildFile; fileRef = AC92424E229D0E2F00299D51 /* ProfileVC.swift */; };
		AC924254229D142700299D51 /* PTS55F.ttf in Resources */ = {isa = PBXBuildFile; fileRef = AC924250229D142700299D51 /* PTS55F.ttf */; };
		AC924255229D142700299D51 /* PTS56F.ttf in Resources */ = {isa = PBXBuildFile; fileRef = AC924251229D142700299D51 /* PTS56F.ttf */; };
		AC924256229D142700299D51 /* PTS76F.ttf in Resources */ = {isa = PBXBuildFile; fileRef = AC924252229D142700299D51 /* PTS76F.ttf */; };
		AC924257229D142700299D51 /* PTS75F.ttf in Resources */ = {isa = PBXBuildFile; fileRef = AC924253229D142700299D51 /* PTS75F.ttf */; };
		AC924259229D15C000299D51 /* ShadowView.swift in Sources */ = {isa = PBXBuildFile; fileRef = AC924258229D15C000299D51 /* ShadowView.swift */; };
		AC92425B229D190A00299D51 /* ProfileTableView.swift in Sources */ = {isa = PBXBuildFile; fileRef = AC92425A229D190A00299D51 /* ProfileTableView.swift */; };
		AC92425D229D195800299D51 /* ProfileCell.swift in Sources */ = {isa = PBXBuildFile; fileRef = AC92425C229D195800299D51 /* ProfileCell.swift */; };
		AC92425F229D1DD300299D51 /* MaterialTextField.swift in Sources */ = {isa = PBXBuildFile; fileRef = AC92425E229D1DD300299D51 /* MaterialTextField.swift */; };
		AC924262229D358E00299D51 /* PersonalDataVC.swift in Sources */ = {isa = PBXBuildFile; fileRef = AC924261229D358E00299D51 /* PersonalDataVC.swift */; };
		AC98BF7E226862F000E35745 /* PayPhoneInfoCell.swift in Sources */ = {isa = PBXBuildFile; fileRef = AC98BF7D226862F000E35745 /* PayPhoneInfoCell.swift */; };
		AC98BF80226891BC00E35745 /* Withdraw.storyboard in Resources */ = {isa = PBXBuildFile; fileRef = AC98BF7F226891BC00E35745 /* Withdraw.storyboard */; };
		AC98BF832268935100E35745 /* WithdrawHomeVC.swift in Sources */ = {isa = PBXBuildFile; fileRef = AC98BF822268935100E35745 /* WithdrawHomeVC.swift */; };
		AC98BF862268946E00E35745 /* WithdrawTableView.swift in Sources */ = {isa = PBXBuildFile; fileRef = AC98BF852268946E00E35745 /* WithdrawTableView.swift */; };
		AC98BF8A22689DA300E35745 /* WithdrawPaymentVC.swift in Sources */ = {isa = PBXBuildFile; fileRef = AC98BF8922689DA300E35745 /* WithdrawPaymentVC.swift */; };
		AC98BF8D22689F4F00E35745 /* WithdrawPaymentTableView.swift in Sources */ = {isa = PBXBuildFile; fileRef = AC98BF8C22689F4F00E35745 /* WithdrawPaymentTableView.swift */; };
		AC9ADCF2226754FC0015FA53 /* WhatIsYourPhoneVC.swift in Sources */ = {isa = PBXBuildFile; fileRef = AC9ADCF1226754FC0015FA53 /* WhatIsYourPhoneVC.swift */; };
		AC9D2C0022898A3200F0DE84 /* SetNewPinEnterVC.swift in Sources */ = {isa = PBXBuildFile; fileRef = AC9D2BFF22898A3200F0DE84 /* SetNewPinEnterVC.swift */; };
		ACA1685822A1073E0050971A /* UserProfileService.swift in Sources */ = {isa = PBXBuildFile; fileRef = ACA1685722A1073E0050971A /* UserProfileService.swift */; };
		ACA1685B22A107AB0050971A /* UserPriofileInfo.swift in Sources */ = {isa = PBXBuildFile; fileRef = ACA1685A22A107AB0050971A /* UserPriofileInfo.swift */; };
		ACA8A0DF2255F93600EFBE1A /* VerifyPhoneVC.swift in Sources */ = {isa = PBXBuildFile; fileRef = ACA8A0DE2255F93600EFBE1A /* VerifyPhoneVC.swift */; };
		ACA8A0E42256024400EFBE1A /* TwilioService.swift in Sources */ = {isa = PBXBuildFile; fileRef = ACA8A0E32256024400EFBE1A /* TwilioService.swift */; };
		ACBC5E0A22684BFF0005C355 /* PayPhoneBill.storyboard in Resources */ = {isa = PBXBuildFile; fileRef = ACBC5E0922684BFF0005C355 /* PayPhoneBill.storyboard */; };
		ACBC5E0D22684E240005C355 /* PayPhoneBillVC.swift in Sources */ = {isa = PBXBuildFile; fileRef = ACBC5E0C22684E240005C355 /* PayPhoneBillVC.swift */; };
		ACBC5E1022684E570005C355 /* PayPhoneBillTableView.swift in Sources */ = {isa = PBXBuildFile; fileRef = ACBC5E0F22684E570005C355 /* PayPhoneBillTableView.swift */; };
		ACBC5E13226850400005C355 /* ZamBill.swift in Sources */ = {isa = PBXBuildFile; fileRef = ACBC5E12226850400005C355 /* ZamBill.swift */; };
		ACBC5E152268590C0005C355 /* PayPhoneTFDelegate.swift in Sources */ = {isa = PBXBuildFile; fileRef = ACBC5E142268590C0005C355 /* PayPhoneTFDelegate.swift */; };
		ACBCC94D22A51327008DEFCB /* PersonalDataTfDateDelegate.swift in Sources */ = {isa = PBXBuildFile; fileRef = ACBCC94C22A51327008DEFCB /* PersonalDataTfDateDelegate.swift */; };
		ACBD435F228EA693002D0CF5 /* ZamZamTranferService.swift in Sources */ = {isa = PBXBuildFile; fileRef = ACBD435E228EA693002D0CF5 /* ZamZamTranferService.swift */; };
		ACBD4361228EB23D002D0CF5 /* ZamBillCheckCell.swift in Sources */ = {isa = PBXBuildFile; fileRef = ACBD4360228EB23D002D0CF5 /* ZamBillCheckCell.swift */; };
		ACBF140522670E8C00019545 /* SplashVC.swift in Sources */ = {isa = PBXBuildFile; fileRef = ACBF140422670E8C00019545 /* SplashVC.swift */; };
		ACBF140A22670ECB00019545 /* SplashCollectionView.swift in Sources */ = {isa = PBXBuildFile; fileRef = ACBF140922670ECB00019545 /* SplashCollectionView.swift */; };
		ACBF140E22670FE000019545 /* SplashStruct.swift in Sources */ = {isa = PBXBuildFile; fileRef = ACBF140D22670FE000019545 /* SplashStruct.swift */; };
		ACBF14102267117D00019545 /* SplashCollectionCell.swift in Sources */ = {isa = PBXBuildFile; fileRef = ACBF140F2267117D00019545 /* SplashCollectionCell.swift */; };
		ACBFD217229FDA6B009A1696 /* LoadingCell.swift in Sources */ = {isa = PBXBuildFile; fileRef = ACBFD216229FDA6B009A1696 /* LoadingCell.swift */; };
		ACC5CAEC225C6CB500B28E62 /* Replenish.storyboard in Resources */ = {isa = PBXBuildFile; fileRef = ACC5CAEB225C6CB500B28E62 /* Replenish.storyboard */; };
		ACC5CAEF225C711600B28E62 /* ReplenishVC.swift in Sources */ = {isa = PBXBuildFile; fileRef = ACC5CAEE225C711600B28E62 /* ReplenishVC.swift */; };
		ACC5CAF2225C714100B28E62 /* ReplenishTableview.swift in Sources */ = {isa = PBXBuildFile; fileRef = ACC5CAF1225C714100B28E62 /* ReplenishTableview.swift */; };
		ACC5CAF6225C717700B28E62 /* ReplenishCell.swift in Sources */ = {isa = PBXBuildFile; fileRef = ACC5CAF5225C717700B28E62 /* ReplenishCell.swift */; };
		ACC5CAF8225C718A00B28E62 /* ReplenishDescribtionCell.swift in Sources */ = {isa = PBXBuildFile; fileRef = ACC5CAF7225C718A00B28E62 /* ReplenishDescribtionCell.swift */; };
		ACC5CAFB225C7D3300B28E62 /* ReplenSumAndCurrencyVC.swift in Sources */ = {isa = PBXBuildFile; fileRef = ACC5CAFA225C7D3300B28E62 /* ReplenSumAndCurrencyVC.swift */; };
		ACC5CB01225C962100B28E62 /* ReplenChooseCardVC.swift in Sources */ = {isa = PBXBuildFile; fileRef = ACC5CB00225C962100B28E62 /* ReplenChooseCardVC.swift */; };
		ACC5CB03225C963500B28E62 /* ReplenChooseCardTableview.swift in Sources */ = {isa = PBXBuildFile; fileRef = ACC5CB02225C963500B28E62 /* ReplenChooseCardTableview.swift */; };
		ACC5CB0B225C96B900B28E62 /* ReplenCardCell.swift in Sources */ = {isa = PBXBuildFile; fileRef = ACC5CB0A225C96B900B28E62 /* ReplenCardCell.swift */; };
		ACC5CB0D225C96CC00B28E62 /* ReplenAddCardCell.swift in Sources */ = {isa = PBXBuildFile; fileRef = ACC5CB0C225C96CC00B28E62 /* ReplenAddCardCell.swift */; };
		ACC5CB0F225C96DA00B28E62 /* ReplenNewCardCell.swift in Sources */ = {isa = PBXBuildFile; fileRef = ACC5CB0E225C96DA00B28E62 /* ReplenNewCardCell.swift */; };
		ACC5CB11225CBD2C00B28E62 /* ReplenTFDelegate.swift in Sources */ = {isa = PBXBuildFile; fileRef = ACC5CB10225CBD2C00B28E62 /* ReplenTFDelegate.swift */; };
		ACC7588E228BEE250049AB57 /* PaymentNewVC.swift in Sources */ = {isa = PBXBuildFile; fileRef = ACC7588D228BEE250049AB57 /* PaymentNewVC.swift */; };
		ACC75894228BF32F0049AB57 /* PaymentNewTableVIew.swift in Sources */ = {isa = PBXBuildFile; fileRef = ACC75893228BF32F0049AB57 /* PaymentNewTableVIew.swift */; };
		ACC75896228C08BC0049AB57 /* SumAndCurrencyCell.swift in Sources */ = {isa = PBXBuildFile; fileRef = ACC75895228C08BC0049AB57 /* SumAndCurrencyCell.swift */; };
		ACC7589B228C344B0049AB57 /* ResetPasswordService.swift in Sources */ = {isa = PBXBuildFile; fileRef = ACC7589A228C344B0049AB57 /* ResetPasswordService.swift */; };
		ACC8273D2271A6E4001E5750 /* PasswordErrors.swift in Sources */ = {isa = PBXBuildFile; fileRef = ACC8273C2271A6E4001E5750 /* PasswordErrors.swift */; };
		ACC8273F2271A7F1001E5750 /* TFPasswordDelegate.swift in Sources */ = {isa = PBXBuildFile; fileRef = ACC8273E2271A7F1001E5750 /* TFPasswordDelegate.swift */; };
		ACC827422271A930001E5750 /* PasswordSymbolManager.swift in Sources */ = {isa = PBXBuildFile; fileRef = ACC827412271A930001E5750 /* PasswordSymbolManager.swift */; };
		ACCF259A2257743D0028C16A /* Extensions for String.swift in Sources */ = {isa = PBXBuildFile; fileRef = ACCF25992257743D0028C16A /* Extensions for String.swift */; };
		ACCF4ED62255EDA000D90F48 /* Registration+LogIn.storyboard in Resources */ = {isa = PBXBuildFile; fileRef = ACCF4ED52255EDA000D90F48 /* Registration+LogIn.storyboard */; };
		ACD2B8DD22AFDAB600DBDADF /* InterTransRecieverVC.swift in Sources */ = {isa = PBXBuildFile; fileRef = ACD2B8DC22AFDAB600DBDADF /* InterTransRecieverVC.swift */; };
		ACD2B8E222AFDD5200DBDADF /* ButtonChooseCountryFlag.swift in Sources */ = {isa = PBXBuildFile; fileRef = ACD2B8E122AFDD5200DBDADF /* ButtonChooseCountryFlag.swift */; };
		ACD357ED225CD9BC0018243B /* ReplenSMSVC.swift in Sources */ = {isa = PBXBuildFile; fileRef = ACD357EC225CD9BC0018243B /* ReplenSMSVC.swift */; };
		ACE139BC2242549D004EDB38 /* CardIssue.storyboard in Resources */ = {isa = PBXBuildFile; fileRef = ACE139BB2242549D004EDB38 /* CardIssue.storyboard */; };
		ACE139BF224259F6004EDB38 /* CardIssueVC.swift in Sources */ = {isa = PBXBuildFile; fileRef = ACE139BE224259F6004EDB38 /* CardIssueVC.swift */; };
		ACE139C222427C72004EDB38 /* CardIssueCollectionView.swift in Sources */ = {isa = PBXBuildFile; fileRef = ACE139C122427C72004EDB38 /* CardIssueCollectionView.swift */; };
		ACE139C622427D40004EDB38 /* CardIssueCollectionCell.swift in Sources */ = {isa = PBXBuildFile; fileRef = ACE139C522427D40004EDB38 /* CardIssueCollectionCell.swift */; };
		ACE7F2C4225DC0E100F001B0 /* TimerService.swift in Sources */ = {isa = PBXBuildFile; fileRef = ACE7F2C3225DC0E100F001B0 /* TimerService.swift */; };
		ACEDB2CD2281A56800A82286 /* NotificationNames.swift in Sources */ = {isa = PBXBuildFile; fileRef = ACEDB2CC2281A56800A82286 /* NotificationNames.swift */; };
		ACEDB2D32281B5B100A82286 /* RegistrationService.swift in Sources */ = {isa = PBXBuildFile; fileRef = ACEDB2D22281B5B100A82286 /* RegistrationService.swift */; };
		ACFAF764223F754A008C731B /* RecipientVC.swift in Sources */ = {isa = PBXBuildFile; fileRef = ACFAF763223F754A008C731B /* RecipientVC.swift */; };
		ACFAF767223F8B07008C731B /* SenderVC.swift in Sources */ = {isa = PBXBuildFile; fileRef = ACFAF766223F8B07008C731B /* SenderVC.swift */; };
		ACFAF76A223F8B49008C731B /* SenderTableView.swift in Sources */ = {isa = PBXBuildFile; fileRef = ACFAF769223F8B49008C731B /* SenderTableView.swift */; };
		ACFAF76C223F8B6C008C731B /* SenderCellPhoneNumber.swift in Sources */ = {isa = PBXBuildFile; fileRef = ACFAF76B223F8B6C008C731B /* SenderCellPhoneNumber.swift */; };
		ACFAF76E223F8B82008C731B /* SenderCellCountry.swift in Sources */ = {isa = PBXBuildFile; fileRef = ACFAF76D223F8B82008C731B /* SenderCellCountry.swift */; };
		ACFAF770223F8B99008C731B /* SenderCellField.swift in Sources */ = {isa = PBXBuildFile; fileRef = ACFAF76F223F8B99008C731B /* SenderCellField.swift */; };
		ACFAF775223F9B94008C731B /* TFDelegate.swift in Sources */ = {isa = PBXBuildFile; fileRef = ACFAF774223F9B94008C731B /* TFDelegate.swift */; };
		ACFAF777223FCBF4008C731B /* BorderAnimation.swift in Sources */ = {isa = PBXBuildFile; fileRef = ACFAF776223FCBF4008C731B /* BorderAnimation.swift */; };
		ACFBAC2D2240C419001D9D94 /* myLabel.swift in Sources */ = {isa = PBXBuildFile; fileRef = ACFBAC2C2240C419001D9D94 /* myLabel.swift */; };
		ACFBAC2F2240DB8E001D9D94 /* WhatCountryTFDelegate.swift in Sources */ = {isa = PBXBuildFile; fileRef = ACFBAC2E2240DB8E001D9D94 /* WhatCountryTFDelegate.swift */; };
		ACFBAC322240DEB6001D9D94 /* PaymentVC.swift in Sources */ = {isa = PBXBuildFile; fileRef = ACFBAC312240DEB6001D9D94 /* PaymentVC.swift */; };
		ACFBAC352240FAF8001D9D94 /* PaymentTableView.swift in Sources */ = {isa = PBXBuildFile; fileRef = ACFBAC342240FAF8001D9D94 /* PaymentTableView.swift */; };
		ACFBAC382240FB1F001D9D94 /* TotalInfoCell.swift in Sources */ = {isa = PBXBuildFile; fileRef = ACFBAC372240FB1F001D9D94 /* TotalInfoCell.swift */; };
		ACFBAC3A2240FB35001D9D94 /* ZamBillCell.swift in Sources */ = {isa = PBXBuildFile; fileRef = ACFBAC392240FB35001D9D94 /* ZamBillCell.swift */; };
		ACFBAC3C2240FB44001D9D94 /* AddNewCardCell.swift in Sources */ = {isa = PBXBuildFile; fileRef = ACFBAC3B2240FB44001D9D94 /* AddNewCardCell.swift */; };
		ACFBAC3E2240FB5D001D9D94 /* CardCell.swift in Sources */ = {isa = PBXBuildFile; fileRef = ACFBAC3D2240FB5D001D9D94 /* CardCell.swift */; };
		ACFBAC402240FB6B001D9D94 /* CardDataCell.swift in Sources */ = {isa = PBXBuildFile; fileRef = ACFBAC3F2240FB6B001D9D94 /* CardDataCell.swift */; };
		ACFBAC4622412ECF001D9D94 /* PaymentTFDelegate.swift in Sources */ = {isa = PBXBuildFile; fileRef = ACFBAC4522412ECF001D9D94 /* PaymentTFDelegate.swift */; };
		ACFC9B7D228D3CE2009F5798 /* GetUserAccountsService.swift in Sources */ = {isa = PBXBuildFile; fileRef = ACFC9B7C228D3CE2009F5798 /* GetUserAccountsService.swift */; };
		ACFC9B80228D3E81009F5798 /* AppTokenService.swift in Sources */ = {isa = PBXBuildFile; fileRef = ACFC9B7F228D3E81009F5798 /* AppTokenService.swift */; };
		ACFC9B83228D505E009F5798 /* UserTokenService.swift in Sources */ = {isa = PBXBuildFile; fileRef = ACFC9B82228D505E009F5798 /* UserTokenService.swift */; };
/* End PBXBuildFile section */

/* Begin PBXFileReference section */
		4D47AB8E0D67202E50D8162A /* Pods-TestTaskZamZam.debug.xcconfig */ = {isa = PBXFileReference; includeInIndex = 1; lastKnownFileType = text.xcconfig; name = "Pods-TestTaskZamZam.debug.xcconfig"; path = "Target Support Files/Pods-TestTaskZamZam/Pods-TestTaskZamZam.debug.xcconfig"; sourceTree = "<group>"; };
		5431067917531F8F88E45F19 /* Pods_TestTaskZamZam.framework */ = {isa = PBXFileReference; explicitFileType = wrapper.framework; includeInIndex = 0; path = Pods_TestTaskZamZam.framework; sourceTree = BUILT_PRODUCTS_DIR; };
		5B7DFEA9222FFAC200ECF0D3 /* TestTaskZamZam.app */ = {isa = PBXFileReference; explicitFileType = wrapper.application; includeInIndex = 0; path = TestTaskZamZam.app; sourceTree = BUILT_PRODUCTS_DIR; };
		5B7DFEAC222FFAC200ECF0D3 /* AppDelegate.swift */ = {isa = PBXFileReference; lastKnownFileType = sourcecode.swift; path = AppDelegate.swift; sourceTree = "<group>"; };
		5B7DFEAE222FFAC200ECF0D3 /* MainVC.swift */ = {isa = PBXFileReference; lastKnownFileType = sourcecode.swift; path = MainVC.swift; sourceTree = "<group>"; };
		5B7DFEB1222FFAC200ECF0D3 /* Base */ = {isa = PBXFileReference; lastKnownFileType = file.storyboard; name = Base; path = Base.lproj/Main.storyboard; sourceTree = "<group>"; };
		5B7DFEB3222FFAC500ECF0D3 /* Assets.xcassets */ = {isa = PBXFileReference; lastKnownFileType = folder.assetcatalog; path = Assets.xcassets; sourceTree = "<group>"; };
		5B7DFEB6222FFAC500ECF0D3 /* Base */ = {isa = PBXFileReference; lastKnownFileType = file.storyboard; name = Base; path = Base.lproj/LaunchScreen.storyboard; sourceTree = "<group>"; };
		5B7DFEB8222FFAC500ECF0D3 /* Info.plist */ = {isa = PBXFileReference; lastKnownFileType = text.plist.xml; path = Info.plist; sourceTree = "<group>"; };
		5B7DFEC7223007D500ECF0D3 /* Kelson Sans Regular RU.otf */ = {isa = PBXFileReference; lastKnownFileType = file; path = "Kelson Sans Regular RU.otf"; sourceTree = "<group>"; };
		5B7DFEC9223012B400ECF0D3 /* CardBill.swift */ = {isa = PBXFileReference; lastKnownFileType = sourcecode.swift; path = CardBill.swift; sourceTree = "<group>"; };
		5B7DFECD223014C700ECF0D3 /* BillCell.swift */ = {isa = PBXFileReference; lastKnownFileType = sourcecode.swift; path = BillCell.swift; sourceTree = "<group>"; };
		5B7DFED3223021AF00ECF0D3 /* CollectionViewCell1.swift */ = {isa = PBXFileReference; lastKnownFileType = sourcecode.swift; path = CollectionViewCell1.swift; sourceTree = "<group>"; };
		5B7DFED5223027D300ECF0D3 /* CollectionViewCell2.swift */ = {isa = PBXFileReference; lastKnownFileType = sourcecode.swift; path = CollectionViewCell2.swift; sourceTree = "<group>"; };
		5B7DFEDA2230685A00ECF0D3 /* TableView.swift */ = {isa = PBXFileReference; lastKnownFileType = sourcecode.swift; path = TableView.swift; sourceTree = "<group>"; };
		5B7DFEDC2230698200ECF0D3 /* CollectionView.swift */ = {isa = PBXFileReference; lastKnownFileType = sourcecode.swift; path = CollectionView.swift; sourceTree = "<group>"; };
		5B7DFEE022306A8D00ECF0D3 /* Gradient.swift */ = {isa = PBXFileReference; lastKnownFileType = sourcecode.swift; path = Gradient.swift; sourceTree = "<group>"; };
		5B7DFEE322306CC800ECF0D3 /* SeparatorForNumbers.swift */ = {isa = PBXFileReference; lastKnownFileType = sourcecode.swift; path = SeparatorForNumbers.swift; sourceTree = "<group>"; };
		5B7DFEE52230702B00ECF0D3 /* .gitignore */ = {isa = PBXFileReference; lastKnownFileType = text; path = .gitignore; sourceTree = "<group>"; };
		6FEFA5C3705F6AB54AA6D217 /* Pods-TestTaskZamZam.release.xcconfig */ = {isa = PBXFileReference; includeInIndex = 1; lastKnownFileType = text.xcconfig; name = "Pods-TestTaskZamZam.release.xcconfig"; path = "Target Support Files/Pods-TestTaskZamZam/Pods-TestTaskZamZam.release.xcconfig"; sourceTree = "<group>"; };
		AC0D8567225DE696002C50B1 /* ReplenishGoneVC.swift */ = {isa = PBXFileReference; lastKnownFileType = sourcecode.swift; path = ReplenishGoneVC.swift; sourceTree = "<group>"; };
		AC110A98223A326500D1F8D8 /* TransDescribtionCell.swift */ = {isa = PBXFileReference; lastKnownFileType = sourcecode.swift; path = TransDescribtionCell.swift; sourceTree = "<group>"; };
		AC110A9B223A59C200D1F8D8 /* WhatCountryVC.swift */ = {isa = PBXFileReference; lastKnownFileType = sourcecode.swift; path = WhatCountryVC.swift; sourceTree = "<group>"; };
		AC110A9D223A59DD00D1F8D8 /* WhatCountryTablevView.swift */ = {isa = PBXFileReference; lastKnownFileType = sourcecode.swift; path = WhatCountryTablevView.swift; sourceTree = "<group>"; };
		AC110AA1223A5A5100D1F8D8 /* WhatCountryCell.swift */ = {isa = PBXFileReference; lastKnownFileType = sourcecode.swift; path = WhatCountryCell.swift; sourceTree = "<group>"; };
		AC110AAE223A83AC00D1F8D8 /* WhatCountryTextField.swift */ = {isa = PBXFileReference; lastKnownFileType = sourcecode.swift; path = WhatCountryTextField.swift; sourceTree = "<group>"; };
		AC1A5273225B26F70021B79C /* PIN VC.swift */ = {isa = PBXFileReference; lastKnownFileType = sourcecode.swift; path = "PIN VC.swift"; sourceTree = "<group>"; };
		AC1BA0322270534000E60848 /* DotsView.swift */ = {isa = PBXFileReference; lastKnownFileType = sourcecode.swift; path = DotsView.swift; sourceTree = "<group>"; };
		AC1FF9B82271CFE4009BE5C7 /* SetNewPINVC.swift */ = {isa = PBXFileReference; lastKnownFileType = sourcecode.swift; path = SetNewPINVC.swift; sourceTree = "<group>"; };
		AC1FF9BB2271DB7B009BE5C7 /* TouchFaceVC.swift */ = {isa = PBXFileReference; lastKnownFileType = sourcecode.swift; path = TouchFaceVC.swift; sourceTree = "<group>"; };
		AC24624A22819CBB006C54D4 /* PhoneVerificationService.swift */ = {isa = PBXFileReference; lastKnownFileType = sourcecode.swift; path = PhoneVerificationService.swift; sourceTree = "<group>"; };
		AC2859EB224CF85E004852C4 /* Currency.swift */ = {isa = PBXFileReference; lastKnownFileType = sourcecode.swift; path = Currency.swift; sourceTree = "<group>"; };
		AC3FBB5B223F6B210080F6A8 /* TransferGoneVC.swift */ = {isa = PBXFileReference; lastKnownFileType = sourcecode.swift; path = TransferGoneVC.swift; sourceTree = "<group>"; };
		AC436CAC224A6503006FA348 /* Pods_TestTaskZamZam.framework */ = {isa = PBXFileReference; explicitFileType = wrapper.framework; path = Pods_TestTaskZamZam.framework; sourceTree = BUILT_PRODUCTS_DIR; };
		AC52107722800ADC0069B62D /* CheckRoundView.swift */ = {isa = PBXFileReference; lastKnownFileType = sourcecode.swift; path = CheckRoundView.swift; sourceTree = "<group>"; };
		AC53F9DC225627B70086A0D3 /* NotificationType.swift */ = {isa = PBXFileReference; lastKnownFileType = sourcecode.swift; path = NotificationType.swift; sourceTree = "<group>"; };
		AC567564223BC5EE001BBE66 /* SumAndCurrencyVC.swift */ = {isa = PBXFileReference; lastKnownFileType = sourcecode.swift; path = SumAndCurrencyVC.swift; sourceTree = "<group>"; };
		AC56756B223BE3D2001BBE66 /* AlertViewControllers.storyboard */ = {isa = PBXFileReference; lastKnownFileType = file.storyboard; path = AlertViewControllers.storyboard; sourceTree = "<group>"; };
		AC56756D223BE652001BBE66 /* SomethingWrongVC.swift */ = {isa = PBXFileReference; lastKnownFileType = sourcecode.swift; path = SomethingWrongVC.swift; sourceTree = "<group>"; };
		AC56756F223BEF0F001BBE66 /* UIColor+Additions.swift */ = {isa = PBXFileReference; fileEncoding = 4; lastKnownFileType = sourcecode.swift; name = "UIColor+Additions.swift"; path = "TestTaskZamZam/UIColor+Additions.swift"; sourceTree = SOURCE_ROOT; };
		AC57896A22AA4609002043F8 /* CurrencySelectView.swift */ = {isa = PBXFileReference; lastKnownFileType = sourcecode.swift; path = CurrencySelectView.swift; sourceTree = "<group>"; };
		AC57896C22AA856F002043F8 /* CardCellNewPayment.swift */ = {isa = PBXFileReference; lastKnownFileType = sourcecode.swift; path = CardCellNewPayment.swift; sourceTree = "<group>"; };
		AC57897122AA9F1D002043F8 /* PaymentNewTFDelegate.swift */ = {isa = PBXFileReference; lastKnownFileType = sourcecode.swift; path = PaymentNewTFDelegate.swift; sourceTree = "<group>"; };
		AC5EA1682239353700EDA066 /* TransfersVC.swift */ = {isa = PBXFileReference; lastKnownFileType = sourcecode.swift; path = TransfersVC.swift; sourceTree = "<group>"; };
		AC5EA16F22393F1D00EDA066 /* TransfersTableView.swift */ = {isa = PBXFileReference; lastKnownFileType = sourcecode.swift; path = TransfersTableView.swift; sourceTree = "<group>"; };
		AC5EA172223940C900EDA066 /* TransCell.swift */ = {isa = PBXFileReference; lastKnownFileType = sourcecode.swift; path = TransCell.swift; sourceTree = "<group>"; };
		AC6A5D1C2271A2560004198F /* NewPasswordVC.swift */ = {isa = PBXFileReference; lastKnownFileType = sourcecode.swift; path = NewPasswordVC.swift; sourceTree = "<group>"; };
		AC6B2B6C225F5DF10057DCE8 /* RecipientTableview.swift */ = {isa = PBXFileReference; lastKnownFileType = sourcecode.swift; path = RecipientTableview.swift; sourceTree = "<group>"; };
		AC6B2B6E225F5E6A0057DCE8 /* RecipientHistoryCell.swift */ = {isa = PBXFileReference; lastKnownFileType = sourcecode.swift; path = RecipientHistoryCell.swift; sourceTree = "<group>"; };
		AC6E2F992282B660001CB42E /* EnterService.swift */ = {isa = PBXFileReference; lastKnownFileType = sourcecode.swift; path = EnterService.swift; sourceTree = "<group>"; };
		AC6E2F9D2282C027001CB42E /* TokensKeys.swift */ = {isa = PBXFileReference; lastKnownFileType = sourcecode.swift; path = TokensKeys.swift; sourceTree = "<group>"; };
		AC71D922229E784300001C29 /* History.storyboard */ = {isa = PBXFileReference; lastKnownFileType = file.storyboard; path = History.storyboard; sourceTree = "<group>"; };
		AC71D925229E787300001C29 /* HistoryVC.swift */ = {isa = PBXFileReference; lastKnownFileType = sourcecode.swift; path = HistoryVC.swift; sourceTree = "<group>"; };
		AC71D927229E787F00001C29 /* HistoryTableView.swift */ = {isa = PBXFileReference; lastKnownFileType = sourcecode.swift; path = HistoryTableView.swift; sourceTree = "<group>"; };
		AC71D929229E789900001C29 /* HistoryTransactionCell.swift */ = {isa = PBXFileReference; lastKnownFileType = sourcecode.swift; path = HistoryTransactionCell.swift; sourceTree = "<group>"; };
		AC71D92D229E7AE900001C29 /* Zam2ZamLogosView.swift */ = {isa = PBXFileReference; lastKnownFileType = sourcecode.swift; path = Zam2ZamLogosView.swift; sourceTree = "<group>"; };
		AC71D92F229E918B00001C29 /* GetTransactionHistoryService.swift */ = {isa = PBXFileReference; lastKnownFileType = sourcecode.swift; path = GetTransactionHistoryService.swift; sourceTree = "<group>"; };
		AC71D932229EA61700001C29 /* Transaction.swift */ = {isa = PBXFileReference; lastKnownFileType = sourcecode.swift; path = Transaction.swift; sourceTree = "<group>"; };
		AC829D17229D524B0019C19B /* MaterialTextFieldWithFlag.swift */ = {isa = PBXFileReference; lastKnownFileType = sourcecode.swift; path = MaterialTextFieldWithFlag.swift; sourceTree = "<group>"; };
		AC829D1B229D804C0019C19B /* ButtonChooseCountry.swift */ = {isa = PBXFileReference; lastKnownFileType = sourcecode.swift; path = ButtonChooseCountry.swift; sourceTree = "<group>"; };
		AC8D62C322574664004D0323 /* TFService.swift */ = {isa = PBXFileReference; lastKnownFileType = sourcecode.swift; path = TFService.swift; sourceTree = "<group>"; };
		AC8D62C82257544F004D0323 /* EnterVC.swift */ = {isa = PBXFileReference; lastKnownFileType = sourcecode.swift; path = EnterVC.swift; sourceTree = "<group>"; };
		AC92424B229D0DFC00299D51 /* Profile.storyboard */ = {isa = PBXFileReference; lastKnownFileType = file.storyboard; path = Profile.storyboard; sourceTree = "<group>"; };
		AC92424E229D0E2F00299D51 /* ProfileVC.swift */ = {isa = PBXFileReference; lastKnownFileType = sourcecode.swift; path = ProfileVC.swift; sourceTree = "<group>"; };
		AC924250229D142700299D51 /* PTS55F.ttf */ = {isa = PBXFileReference; lastKnownFileType = file; path = PTS55F.ttf; sourceTree = "<group>"; };
		AC924251229D142700299D51 /* PTS56F.ttf */ = {isa = PBXFileReference; lastKnownFileType = file; path = PTS56F.ttf; sourceTree = "<group>"; };
		AC924252229D142700299D51 /* PTS76F.ttf */ = {isa = PBXFileReference; lastKnownFileType = file; path = PTS76F.ttf; sourceTree = "<group>"; };
		AC924253229D142700299D51 /* PTS75F.ttf */ = {isa = PBXFileReference; lastKnownFileType = file; path = PTS75F.ttf; sourceTree = "<group>"; };
		AC924258229D15C000299D51 /* ShadowView.swift */ = {isa = PBXFileReference; lastKnownFileType = sourcecode.swift; path = ShadowView.swift; sourceTree = "<group>"; };
		AC92425A229D190A00299D51 /* ProfileTableView.swift */ = {isa = PBXFileReference; lastKnownFileType = sourcecode.swift; path = ProfileTableView.swift; sourceTree = "<group>"; };
		AC92425C229D195800299D51 /* ProfileCell.swift */ = {isa = PBXFileReference; lastKnownFileType = sourcecode.swift; path = ProfileCell.swift; sourceTree = "<group>"; };
		AC92425E229D1DD300299D51 /* MaterialTextField.swift */ = {isa = PBXFileReference; lastKnownFileType = sourcecode.swift; path = MaterialTextField.swift; sourceTree = "<group>"; };
		AC924261229D358E00299D51 /* PersonalDataVC.swift */ = {isa = PBXFileReference; lastKnownFileType = sourcecode.swift; path = PersonalDataVC.swift; sourceTree = "<group>"; };
		AC98BF7D226862F000E35745 /* PayPhoneInfoCell.swift */ = {isa = PBXFileReference; lastKnownFileType = sourcecode.swift; path = PayPhoneInfoCell.swift; sourceTree = "<group>"; };
		AC98BF7F226891BC00E35745 /* Withdraw.storyboard */ = {isa = PBXFileReference; lastKnownFileType = file.storyboard; path = Withdraw.storyboard; sourceTree = "<group>"; };
		AC98BF822268935100E35745 /* WithdrawHomeVC.swift */ = {isa = PBXFileReference; lastKnownFileType = sourcecode.swift; path = WithdrawHomeVC.swift; sourceTree = "<group>"; };
		AC98BF852268946E00E35745 /* WithdrawTableView.swift */ = {isa = PBXFileReference; lastKnownFileType = sourcecode.swift; path = WithdrawTableView.swift; sourceTree = "<group>"; };
		AC98BF8922689DA300E35745 /* WithdrawPaymentVC.swift */ = {isa = PBXFileReference; lastKnownFileType = sourcecode.swift; path = WithdrawPaymentVC.swift; sourceTree = "<group>"; };
		AC98BF8C22689F4F00E35745 /* WithdrawPaymentTableView.swift */ = {isa = PBXFileReference; lastKnownFileType = sourcecode.swift; path = WithdrawPaymentTableView.swift; sourceTree = "<group>"; };
		AC9ADCF1226754FC0015FA53 /* WhatIsYourPhoneVC.swift */ = {isa = PBXFileReference; lastKnownFileType = sourcecode.swift; path = WhatIsYourPhoneVC.swift; sourceTree = "<group>"; };
		AC9D2BFF22898A3200F0DE84 /* SetNewPinEnterVC.swift */ = {isa = PBXFileReference; lastKnownFileType = sourcecode.swift; path = SetNewPinEnterVC.swift; sourceTree = "<group>"; };
		ACA1685722A1073E0050971A /* UserProfileService.swift */ = {isa = PBXFileReference; lastKnownFileType = sourcecode.swift; path = UserProfileService.swift; sourceTree = "<group>"; };
		ACA1685A22A107AB0050971A /* UserPriofileInfo.swift */ = {isa = PBXFileReference; lastKnownFileType = sourcecode.swift; path = UserPriofileInfo.swift; sourceTree = "<group>"; };
		ACA8A0DE2255F93600EFBE1A /* VerifyPhoneVC.swift */ = {isa = PBXFileReference; lastKnownFileType = sourcecode.swift; path = VerifyPhoneVC.swift; sourceTree = "<group>"; };
		ACA8A0E32256024400EFBE1A /* TwilioService.swift */ = {isa = PBXFileReference; lastKnownFileType = sourcecode.swift; path = TwilioService.swift; sourceTree = "<group>"; };
		ACBC5E0922684BFF0005C355 /* PayPhoneBill.storyboard */ = {isa = PBXFileReference; lastKnownFileType = file.storyboard; path = PayPhoneBill.storyboard; sourceTree = "<group>"; };
		ACBC5E0C22684E240005C355 /* PayPhoneBillVC.swift */ = {isa = PBXFileReference; lastKnownFileType = sourcecode.swift; path = PayPhoneBillVC.swift; sourceTree = "<group>"; };
		ACBC5E0F22684E570005C355 /* PayPhoneBillTableView.swift */ = {isa = PBXFileReference; lastKnownFileType = sourcecode.swift; path = PayPhoneBillTableView.swift; sourceTree = "<group>"; };
		ACBC5E12226850400005C355 /* ZamBill.swift */ = {isa = PBXFileReference; lastKnownFileType = sourcecode.swift; path = ZamBill.swift; sourceTree = "<group>"; };
		ACBC5E142268590C0005C355 /* PayPhoneTFDelegate.swift */ = {isa = PBXFileReference; lastKnownFileType = sourcecode.swift; path = PayPhoneTFDelegate.swift; sourceTree = "<group>"; };
		ACBCC94C22A51327008DEFCB /* PersonalDataTfDateDelegate.swift */ = {isa = PBXFileReference; lastKnownFileType = sourcecode.swift; path = PersonalDataTfDateDelegate.swift; sourceTree = "<group>"; };
		ACBD435E228EA693002D0CF5 /* ZamZamTranferService.swift */ = {isa = PBXFileReference; lastKnownFileType = sourcecode.swift; path = ZamZamTranferService.swift; sourceTree = "<group>"; };
		ACBD4360228EB23D002D0CF5 /* ZamBillCheckCell.swift */ = {isa = PBXFileReference; lastKnownFileType = sourcecode.swift; path = ZamBillCheckCell.swift; sourceTree = "<group>"; };
		ACBF140422670E8C00019545 /* SplashVC.swift */ = {isa = PBXFileReference; lastKnownFileType = sourcecode.swift; path = SplashVC.swift; sourceTree = "<group>"; };
		ACBF140922670ECB00019545 /* SplashCollectionView.swift */ = {isa = PBXFileReference; lastKnownFileType = sourcecode.swift; path = SplashCollectionView.swift; sourceTree = "<group>"; };
		ACBF140D22670FE000019545 /* SplashStruct.swift */ = {isa = PBXFileReference; lastKnownFileType = sourcecode.swift; path = SplashStruct.swift; sourceTree = "<group>"; };
		ACBF140F2267117D00019545 /* SplashCollectionCell.swift */ = {isa = PBXFileReference; lastKnownFileType = sourcecode.swift; path = SplashCollectionCell.swift; sourceTree = "<group>"; };
		ACBFD216229FDA6B009A1696 /* LoadingCell.swift */ = {isa = PBXFileReference; lastKnownFileType = sourcecode.swift; path = LoadingCell.swift; sourceTree = "<group>"; };
		ACC5CAEB225C6CB500B28E62 /* Replenish.storyboard */ = {isa = PBXFileReference; lastKnownFileType = file.storyboard; path = Replenish.storyboard; sourceTree = "<group>"; };
		ACC5CAEE225C711600B28E62 /* ReplenishVC.swift */ = {isa = PBXFileReference; lastKnownFileType = sourcecode.swift; path = ReplenishVC.swift; sourceTree = "<group>"; };
		ACC5CAF1225C714100B28E62 /* ReplenishTableview.swift */ = {isa = PBXFileReference; lastKnownFileType = sourcecode.swift; path = ReplenishTableview.swift; sourceTree = "<group>"; };
		ACC5CAF5225C717700B28E62 /* ReplenishCell.swift */ = {isa = PBXFileReference; lastKnownFileType = sourcecode.swift; path = ReplenishCell.swift; sourceTree = "<group>"; };
		ACC5CAF7225C718A00B28E62 /* ReplenishDescribtionCell.swift */ = {isa = PBXFileReference; lastKnownFileType = sourcecode.swift; path = ReplenishDescribtionCell.swift; sourceTree = "<group>"; };
		ACC5CAFA225C7D3300B28E62 /* ReplenSumAndCurrencyVC.swift */ = {isa = PBXFileReference; lastKnownFileType = sourcecode.swift; path = ReplenSumAndCurrencyVC.swift; sourceTree = "<group>"; };
		ACC5CB00225C962100B28E62 /* ReplenChooseCardVC.swift */ = {isa = PBXFileReference; lastKnownFileType = sourcecode.swift; path = ReplenChooseCardVC.swift; sourceTree = "<group>"; };
		ACC5CB02225C963500B28E62 /* ReplenChooseCardTableview.swift */ = {isa = PBXFileReference; lastKnownFileType = sourcecode.swift; name = ReplenChooseCardTableview.swift; path = Replenish/ReplenChooseCard/ReplenChooseCardTableview/ReplenChooseCardTableview.swift; sourceTree = "<group>"; };
		ACC5CB0A225C96B900B28E62 /* ReplenCardCell.swift */ = {isa = PBXFileReference; lastKnownFileType = sourcecode.swift; name = ReplenCardCell.swift; path = Replenish/ReplenChooseCard/ReplenChooseCardTableview/ReplenCardCell.swift; sourceTree = "<group>"; };
		ACC5CB0C225C96CC00B28E62 /* ReplenAddCardCell.swift */ = {isa = PBXFileReference; lastKnownFileType = sourcecode.swift; name = ReplenAddCardCell.swift; path = Replenish/ReplenChooseCard/ReplenChooseCardTableview/ReplenAddCardCell.swift; sourceTree = "<group>"; };
		ACC5CB0E225C96DA00B28E62 /* ReplenNewCardCell.swift */ = {isa = PBXFileReference; lastKnownFileType = sourcecode.swift; name = ReplenNewCardCell.swift; path = Replenish/ReplenChooseCard/ReplenChooseCardTableview/ReplenNewCardCell.swift; sourceTree = "<group>"; };
		ACC5CB10225CBD2C00B28E62 /* ReplenTFDelegate.swift */ = {isa = PBXFileReference; lastKnownFileType = sourcecode.swift; path = ReplenTFDelegate.swift; sourceTree = "<group>"; };
		ACC7588D228BEE250049AB57 /* PaymentNewVC.swift */ = {isa = PBXFileReference; lastKnownFileType = sourcecode.swift; path = PaymentNewVC.swift; sourceTree = "<group>"; };
		ACC75893228BF32F0049AB57 /* PaymentNewTableVIew.swift */ = {isa = PBXFileReference; lastKnownFileType = sourcecode.swift; path = PaymentNewTableVIew.swift; sourceTree = "<group>"; };
		ACC75895228C08BC0049AB57 /* SumAndCurrencyCell.swift */ = {isa = PBXFileReference; lastKnownFileType = sourcecode.swift; path = SumAndCurrencyCell.swift; sourceTree = "<group>"; };
		ACC7589A228C344B0049AB57 /* ResetPasswordService.swift */ = {isa = PBXFileReference; lastKnownFileType = sourcecode.swift; path = ResetPasswordService.swift; sourceTree = "<group>"; };
		ACC8273C2271A6E4001E5750 /* PasswordErrors.swift */ = {isa = PBXFileReference; lastKnownFileType = sourcecode.swift; path = PasswordErrors.swift; sourceTree = "<group>"; };
		ACC8273E2271A7F1001E5750 /* TFPasswordDelegate.swift */ = {isa = PBXFileReference; lastKnownFileType = sourcecode.swift; path = TFPasswordDelegate.swift; sourceTree = "<group>"; };
		ACC827412271A930001E5750 /* PasswordSymbolManager.swift */ = {isa = PBXFileReference; lastKnownFileType = sourcecode.swift; path = PasswordSymbolManager.swift; sourceTree = "<group>"; };
		ACCF25992257743D0028C16A /* Extensions for String.swift */ = {isa = PBXFileReference; lastKnownFileType = sourcecode.swift; path = "Extensions for String.swift"; sourceTree = "<group>"; };
		ACCF4ED52255EDA000D90F48 /* Registration+LogIn.storyboard */ = {isa = PBXFileReference; lastKnownFileType = file.storyboard; path = "Registration+LogIn.storyboard"; sourceTree = "<group>"; };
		ACD2B8DC22AFDAB600DBDADF /* InterTransRecieverVC.swift */ = {isa = PBXFileReference; lastKnownFileType = sourcecode.swift; path = InterTransRecieverVC.swift; sourceTree = "<group>"; };
		ACD2B8E122AFDD5200DBDADF /* ButtonChooseCountryFlag.swift */ = {isa = PBXFileReference; lastKnownFileType = sourcecode.swift; path = ButtonChooseCountryFlag.swift; sourceTree = "<group>"; };
		ACD357EC225CD9BC0018243B /* ReplenSMSVC.swift */ = {isa = PBXFileReference; lastKnownFileType = sourcecode.swift; path = ReplenSMSVC.swift; sourceTree = "<group>"; };
		ACE139BB2242549D004EDB38 /* CardIssue.storyboard */ = {isa = PBXFileReference; lastKnownFileType = file.storyboard; path = CardIssue.storyboard; sourceTree = "<group>"; };
		ACE139BE224259F6004EDB38 /* CardIssueVC.swift */ = {isa = PBXFileReference; lastKnownFileType = sourcecode.swift; path = CardIssueVC.swift; sourceTree = "<group>"; };
		ACE139C122427C72004EDB38 /* CardIssueCollectionView.swift */ = {isa = PBXFileReference; lastKnownFileType = sourcecode.swift; path = CardIssueCollectionView.swift; sourceTree = "<group>"; };
		ACE139C522427D40004EDB38 /* CardIssueCollectionCell.swift */ = {isa = PBXFileReference; lastKnownFileType = sourcecode.swift; path = CardIssueCollectionCell.swift; sourceTree = "<group>"; };
		ACE7F2C3225DC0E100F001B0 /* TimerService.swift */ = {isa = PBXFileReference; lastKnownFileType = sourcecode.swift; path = TimerService.swift; sourceTree = "<group>"; };
		ACEDB2CC2281A56800A82286 /* NotificationNames.swift */ = {isa = PBXFileReference; lastKnownFileType = sourcecode.swift; path = NotificationNames.swift; sourceTree = "<group>"; };
		ACEDB2D22281B5B100A82286 /* RegistrationService.swift */ = {isa = PBXFileReference; lastKnownFileType = sourcecode.swift; path = RegistrationService.swift; sourceTree = "<group>"; };
		ACFAF763223F754A008C731B /* RecipientVC.swift */ = {isa = PBXFileReference; lastKnownFileType = sourcecode.swift; path = RecipientVC.swift; sourceTree = "<group>"; };
		ACFAF766223F8B07008C731B /* SenderVC.swift */ = {isa = PBXFileReference; lastKnownFileType = sourcecode.swift; path = SenderVC.swift; sourceTree = "<group>"; };
		ACFAF769223F8B49008C731B /* SenderTableView.swift */ = {isa = PBXFileReference; lastKnownFileType = sourcecode.swift; path = SenderTableView.swift; sourceTree = "<group>"; };
		ACFAF76B223F8B6C008C731B /* SenderCellPhoneNumber.swift */ = {isa = PBXFileReference; lastKnownFileType = sourcecode.swift; path = SenderCellPhoneNumber.swift; sourceTree = "<group>"; };
		ACFAF76D223F8B82008C731B /* SenderCellCountry.swift */ = {isa = PBXFileReference; lastKnownFileType = sourcecode.swift; path = SenderCellCountry.swift; sourceTree = "<group>"; };
		ACFAF76F223F8B99008C731B /* SenderCellField.swift */ = {isa = PBXFileReference; lastKnownFileType = sourcecode.swift; path = SenderCellField.swift; sourceTree = "<group>"; };
		ACFAF774223F9B94008C731B /* TFDelegate.swift */ = {isa = PBXFileReference; lastKnownFileType = sourcecode.swift; path = TFDelegate.swift; sourceTree = "<group>"; };
		ACFAF776223FCBF4008C731B /* BorderAnimation.swift */ = {isa = PBXFileReference; lastKnownFileType = sourcecode.swift; path = BorderAnimation.swift; sourceTree = "<group>"; };
		ACFBAC2C2240C419001D9D94 /* myLabel.swift */ = {isa = PBXFileReference; lastKnownFileType = sourcecode.swift; path = myLabel.swift; sourceTree = "<group>"; };
		ACFBAC2E2240DB8E001D9D94 /* WhatCountryTFDelegate.swift */ = {isa = PBXFileReference; lastKnownFileType = sourcecode.swift; path = WhatCountryTFDelegate.swift; sourceTree = "<group>"; };
		ACFBAC312240DEB6001D9D94 /* PaymentVC.swift */ = {isa = PBXFileReference; lastKnownFileType = sourcecode.swift; path = PaymentVC.swift; sourceTree = "<group>"; };
		ACFBAC342240FAF8001D9D94 /* PaymentTableView.swift */ = {isa = PBXFileReference; lastKnownFileType = sourcecode.swift; path = PaymentTableView.swift; sourceTree = "<group>"; };
		ACFBAC372240FB1F001D9D94 /* TotalInfoCell.swift */ = {isa = PBXFileReference; lastKnownFileType = sourcecode.swift; path = TotalInfoCell.swift; sourceTree = "<group>"; };
		ACFBAC392240FB35001D9D94 /* ZamBillCell.swift */ = {isa = PBXFileReference; lastKnownFileType = sourcecode.swift; path = ZamBillCell.swift; sourceTree = "<group>"; };
		ACFBAC3B2240FB44001D9D94 /* AddNewCardCell.swift */ = {isa = PBXFileReference; lastKnownFileType = sourcecode.swift; path = AddNewCardCell.swift; sourceTree = "<group>"; };
		ACFBAC3D2240FB5D001D9D94 /* CardCell.swift */ = {isa = PBXFileReference; lastKnownFileType = sourcecode.swift; path = CardCell.swift; sourceTree = "<group>"; };
		ACFBAC3F2240FB6B001D9D94 /* CardDataCell.swift */ = {isa = PBXFileReference; lastKnownFileType = sourcecode.swift; path = CardDataCell.swift; sourceTree = "<group>"; };
		ACFBAC4522412ECF001D9D94 /* PaymentTFDelegate.swift */ = {isa = PBXFileReference; lastKnownFileType = sourcecode.swift; path = PaymentTFDelegate.swift; sourceTree = "<group>"; };
		ACFC9B7C228D3CE2009F5798 /* GetUserAccountsService.swift */ = {isa = PBXFileReference; lastKnownFileType = sourcecode.swift; path = GetUserAccountsService.swift; sourceTree = "<group>"; };
		ACFC9B7F228D3E81009F5798 /* AppTokenService.swift */ = {isa = PBXFileReference; lastKnownFileType = sourcecode.swift; path = AppTokenService.swift; sourceTree = "<group>"; };
		ACFC9B82228D505E009F5798 /* UserTokenService.swift */ = {isa = PBXFileReference; lastKnownFileType = sourcecode.swift; path = UserTokenService.swift; sourceTree = "<group>"; };
/* End PBXFileReference section */

/* Begin PBXFrameworksBuildPhase section */
		5B7DFEA6222FFAC200ECF0D3 /* Frameworks */ = {
			isa = PBXFrameworksBuildPhase;
			buildActionMask = 2147483647;
			files = (
				AC436CAD224A6503006FA348 /* Pods_TestTaskZamZam.framework in Frameworks */,
			);
			runOnlyForDeploymentPostprocessing = 0;
		};
/* End PBXFrameworksBuildPhase section */

/* Begin PBXGroup section */
		5B7DFEA0222FFAC200ECF0D3 = {
			isa = PBXGroup;
			children = (
				5B7DFEB8222FFAC500ECF0D3 /* Info.plist */,
				5B7DFEE52230702B00ECF0D3 /* .gitignore */,
				5B7DFEAB222FFAC200ECF0D3 /* TestTaskZamZam */,
				5B7DFEAA222FFAC200ECF0D3 /* Products */,
				F374D9C9B0F9E58936927959 /* Pods */,
				B49282D93256E3D983329916 /* Frameworks */,
			);
			sourceTree = "<group>";
		};
		5B7DFEAA222FFAC200ECF0D3 /* Products */ = {
			isa = PBXGroup;
			children = (
				5B7DFEA9222FFAC200ECF0D3 /* TestTaskZamZam.app */,
			);
			name = Products;
			sourceTree = "<group>";
		};
		5B7DFEAB222FFAC200ECF0D3 /* TestTaskZamZam */ = {
			isa = PBXGroup;
			children = (
				5B7DFED72230682700ECF0D3 /* Main */,
				ACB26A0C22606B64007AD399 /* Transfers */,
				AC92424D229D0E1600299D51 /* Profile */,
				AC71D924229E785A00001C29 /* History */,
				AC924260229D357300299D51 /* PersonalData */,
				ACB26A0D22606BB9007AD399 /* Replenish */,
				ACE139BD224259D8004EDB38 /* CardIssue */,
				ACBC5E0B22684DFF0005C355 /* PayPhoneBill */,
				AC98BF812268933000E35745 /* Withdraw */,
				ACA8A0DA2255F8A700EFBE1A /* Registration+LogInVCs */,
				ACFAF761223F7239008C731B /* Alerts */,
				AC567566223BD26D001BBE66 /* Entities + Services */,
				5BD1986A22313EDE008011C8 /* Supporting files */,
				5B7DFEC02230078A00ECF0D3 /* Шрифты */,
			);
			path = TestTaskZamZam;
			sourceTree = "<group>";
		};
		5B7DFEC02230078A00ECF0D3 /* Шрифты */ = {
			isa = PBXGroup;
			children = (
				AC924250229D142700299D51 /* PTS55F.ttf */,
				AC924251229D142700299D51 /* PTS56F.ttf */,
				AC924253229D142700299D51 /* PTS75F.ttf */,
				AC924252229D142700299D51 /* PTS76F.ttf */,
				5B7DFEC7223007D500ECF0D3 /* Kelson Sans Regular RU.otf */,
			);
			path = "Шрифты";
			sourceTree = "<group>";
		};
		5B7DFED72230682700ECF0D3 /* Main */ = {
			isa = PBXGroup;
			children = (
				5B7DFEAE222FFAC200ECF0D3 /* MainVC.swift */,
				5B7DFEDA2230685A00ECF0D3 /* TableView.swift */,
				5B7DFEDC2230698200ECF0D3 /* CollectionView.swift */,
				5B7DFEE222306C7A00ECF0D3 /* Entities + Services */,
				5B7DFEDE22306A0000ECF0D3 /* Cells */,
			);
			path = Main;
			sourceTree = "<group>";
		};
		5B7DFEDE22306A0000ECF0D3 /* Cells */ = {
			isa = PBXGroup;
			children = (
				5B7DFECD223014C700ECF0D3 /* BillCell.swift */,
				5B7DFED3223021AF00ECF0D3 /* CollectionViewCell1.swift */,
				5B7DFED5223027D300ECF0D3 /* CollectionViewCell2.swift */,
			);
			path = Cells;
			sourceTree = "<group>";
		};
		5B7DFEE222306C7A00ECF0D3 /* Entities + Services */ = {
			isa = PBXGroup;
			children = (
				5B7DFEE322306CC800ECF0D3 /* SeparatorForNumbers.swift */,
			);
			path = "Entities + Services";
			sourceTree = "<group>";
		};
		5BD1986A22313EDE008011C8 /* Supporting files */ = {
			isa = PBXGroup;
			children = (
				5B7DFEAC222FFAC200ECF0D3 /* AppDelegate.swift */,
				5B7DFEB0222FFAC200ECF0D3 /* Main.storyboard */,
				AC92424B229D0DFC00299D51 /* Profile.storyboard */,
				AC71D922229E784300001C29 /* History.storyboard */,
				ACBC5E0922684BFF0005C355 /* PayPhoneBill.storyboard */,
				AC98BF7F226891BC00E35745 /* Withdraw.storyboard */,
				ACC5CAEB225C6CB500B28E62 /* Replenish.storyboard */,
				ACE139BB2242549D004EDB38 /* CardIssue.storyboard */,
				AC56756B223BE3D2001BBE66 /* AlertViewControllers.storyboard */,
				5B7DFEB5222FFAC500ECF0D3 /* LaunchScreen.storyboard */,
				ACCF4ED52255EDA000D90F48 /* Registration+LogIn.storyboard */,
				5B7DFEB3222FFAC500ECF0D3 /* Assets.xcassets */,
			);
			path = "Supporting files";
			sourceTree = "<group>";
		};
		AC110A9A223A599A00D1F8D8 /* WhatCountry */ = {
			isa = PBXGroup;
			children = (
				AC110A9B223A59C200D1F8D8 /* WhatCountryVC.swift */,
				ACFBAC2E2240DB8E001D9D94 /* WhatCountryTFDelegate.swift */,
				AC110AA9223A7CE100D1F8D8 /* WhatCountryTableView */,
				AC110AAD223A838900D1F8D8 /* Entities + Servicies */,
			);
			path = WhatCountry;
			sourceTree = "<group>";
		};
		AC110AA9223A7CE100D1F8D8 /* WhatCountryTableView */ = {
			isa = PBXGroup;
			children = (
				AC110A9D223A59DD00D1F8D8 /* WhatCountryTablevView.swift */,
				AC110AA1223A5A5100D1F8D8 /* WhatCountryCell.swift */,
			);
			path = WhatCountryTableView;
			sourceTree = "<group>";
		};
		AC110AAD223A838900D1F8D8 /* Entities + Servicies */ = {
			isa = PBXGroup;
			children = (
				AC110AAE223A83AC00D1F8D8 /* WhatCountryTextField.swift */,
			);
			path = "Entities + Servicies";
			sourceTree = "<group>";
		};
		AC1A5272225B26DB0021B79C /* PIN VC */ = {
			isa = PBXGroup;
			children = (
				AC1A5273225B26F70021B79C /* PIN VC.swift */,
			);
			path = "PIN VC";
			sourceTree = "<group>";
		};
		AC1FF9B72271CFC2009BE5C7 /* SetNewPINVC */ = {
			isa = PBXGroup;
			children = (
				AC1FF9B82271CFE4009BE5C7 /* SetNewPINVC.swift */,
			);
			path = SetNewPINVC;
			sourceTree = "<group>";
		};
		AC1FF9BA2271DB47009BE5C7 /* TouchFaceVC */ = {
			isa = PBXGroup;
			children = (
				AC1FF9BB2271DB7B009BE5C7 /* TouchFaceVC.swift */,
			);
			path = TouchFaceVC;
			sourceTree = "<group>";
		};
		AC24624922819C9E006C54D4 /* API services */ = {
			isa = PBXGroup;
			children = (
				AC6E2F9D2282C027001CB42E /* TokensKeys.swift */,
				ACEDB2CC2281A56800A82286 /* NotificationNames.swift */,
				ACFC9B7E228D3CE7009F5798 /* UserOperations */,
				ACC75899228C34280049AB57 /* ResetPasswordService */,
				ACEDB2D02281B39D00A82286 /* PhoneVerificationService */,
				ACEDB2D12281B59500A82286 /* RegistrationService */,
				AC6E2F982282B63C001CB42E /* EnterService */,
				ACFC9B81228D504A009F5798 /* TokenServices */,
			);
			path = "API services";
			sourceTree = "<group>";
		};
		AC53F9DB225627A30086A0D3 /* Twilio */ = {
			isa = PBXGroup;
			children = (
				ACA8A0E32256024400EFBE1A /* TwilioService.swift */,
				AC53F9DC225627B70086A0D3 /* NotificationType.swift */,
			);
			path = Twilio;
			sourceTree = "<group>";
		};
		AC567563223BC5B5001BBE66 /* SumAndCurrency */ = {
			isa = PBXGroup;
			children = (
				AC567564223BC5EE001BBE66 /* SumAndCurrencyVC.swift */,
			);
			path = SumAndCurrency;
			sourceTree = "<group>";
		};
		AC567566223BD26D001BBE66 /* Entities + Services */ = {
			isa = PBXGroup;
			children = (
				AC56756F223BEF0F001BBE66 /* UIColor+Additions.swift */,
				AC52107722800ADC0069B62D /* CheckRoundView.swift */,
				ACFBAC2C2240C419001D9D94 /* myLabel.swift */,
				5B7DFEE022306A8D00ECF0D3 /* Gradient.swift */,
				ACFAF776223FCBF4008C731B /* BorderAnimation.swift */,
				5B7DFEC9223012B400ECF0D3 /* CardBill.swift */,
				ACBC5E12226850400005C355 /* ZamBill.swift */,
				AC2859EB224CF85E004852C4 /* Currency.swift */,
				ACCF25992257743D0028C16A /* Extensions for String.swift */,
				ACE7F2C3225DC0E100F001B0 /* TimerService.swift */,
				AC924258229D15C000299D51 /* ShadowView.swift */,
				AC92425E229D1DD300299D51 /* MaterialTextField.swift */,
				AC829D17229D524B0019C19B /* MaterialTextFieldWithFlag.swift */,
				AC829D1B229D804C0019C19B /* ButtonChooseCountry.swift */,
				ACD2B8E122AFDD5200DBDADF /* ButtonChooseCountryFlag.swift */,
				AC57896A22AA4609002043F8 /* CurrencySelectView.swift */,
				ACA1685922A107930050971A /* API Entities */,
				AC24624922819C9E006C54D4 /* API services */,
				AC53F9DB225627A30086A0D3 /* Twilio */,
				ACFBAC362240FB01001D9D94 /* PaymentCells */,
			);
			path = "Entities + Services";
			sourceTree = "<group>";
		};
		AC5EA167223934DA00EDA066 /* TransfersHome */ = {
			isa = PBXGroup;
			children = (
				AC5EA1682239353700EDA066 /* TransfersVC.swift */,
				AC5EA1712239408400EDA066 /* TransTableView */,
			);
			path = TransfersHome;
			sourceTree = "<group>";
		};
		AC5EA1712239408400EDA066 /* TransTableView */ = {
			isa = PBXGroup;
			children = (
				AC5EA16F22393F1D00EDA066 /* TransfersTableView.swift */,
				AC5EA172223940C900EDA066 /* TransCell.swift */,
				AC110A98223A326500D1F8D8 /* TransDescribtionCell.swift */,
			);
			path = TransTableView;
			sourceTree = "<group>";
		};
		AC6A5D1B22719EBF0004198F /* NewPasswordVC */ = {
			isa = PBXGroup;
			children = (
				AC6A5D1C2271A2560004198F /* NewPasswordVC.swift */,
				ACC8273E2271A7F1001E5750 /* TFPasswordDelegate.swift */,
				ACC827402271A8EA001E5750 /* Entities + Servicies */,
			);
			path = NewPasswordVC;
			sourceTree = "<group>";
		};
		AC6B2B6B225F5DC90057DCE8 /* RecipientTableview */ = {
			isa = PBXGroup;
			children = (
				AC6B2B6C225F5DF10057DCE8 /* RecipientTableview.swift */,
				AC6B2B6E225F5E6A0057DCE8 /* RecipientHistoryCell.swift */,
			);
			path = RecipientTableview;
			sourceTree = "<group>";
		};
		AC6E2F982282B63C001CB42E /* EnterService */ = {
			isa = PBXGroup;
			children = (
				AC6E2F992282B660001CB42E /* EnterService.swift */,
			);
			path = EnterService;
			sourceTree = "<group>";
		};
		AC71D924229E785A00001C29 /* History */ = {
			isa = PBXGroup;
			children = (
				AC71D92B229E7A9C00001C29 /* View */,
				AC71D932229EA61700001C29 /* Transaction.swift */,
			);
			path = History;
			sourceTree = "<group>";
		};
		AC71D92B229E7A9C00001C29 /* View */ = {
			isa = PBXGroup;
			children = (
				AC71D92C229E7AA500001C29 /* Entities */,
				AC71D925229E787300001C29 /* HistoryVC.swift */,
				AC71D927229E787F00001C29 /* HistoryTableView.swift */,
				AC71D929229E789900001C29 /* HistoryTransactionCell.swift */,
				ACBFD216229FDA6B009A1696 /* LoadingCell.swift */,
			);
			path = View;
			sourceTree = "<group>";
		};
		AC71D92C229E7AA500001C29 /* Entities */ = {
			isa = PBXGroup;
			children = (
				AC71D92D229E7AE900001C29 /* Zam2ZamLogosView.swift */,
			);
			path = Entities;
			sourceTree = "<group>";
		};
		AC8D62C72257543F004D0323 /* EnterVC */ = {
			isa = PBXGroup;
			children = (
				AC8D62C82257544F004D0323 /* EnterVC.swift */,
				AC9D2BFF22898A3200F0DE84 /* SetNewPinEnterVC.swift */,
			);
			path = EnterVC;
			sourceTree = "<group>";
		};
		AC92424D229D0E1600299D51 /* Profile */ = {
			isa = PBXGroup;
			children = (
				AC92424E229D0E2F00299D51 /* ProfileVC.swift */,
				AC92425A229D190A00299D51 /* ProfileTableView.swift */,
				AC92425C229D195800299D51 /* ProfileCell.swift */,
			);
			path = Profile;
			sourceTree = "<group>";
		};
		AC924260229D357300299D51 /* PersonalData */ = {
			isa = PBXGroup;
			children = (
				AC924261229D358E00299D51 /* PersonalDataVC.swift */,
				ACBCC94C22A51327008DEFCB /* PersonalDataTfDateDelegate.swift */,
			);
			path = PersonalData;
			sourceTree = "<group>";
		};
		AC98BF812268933000E35745 /* Withdraw */ = {
			isa = PBXGroup;
			children = (
				AC98BF8722689D5D00E35745 /* WithdrawHome */,
				AC98BF8822689D7900E35745 /* WithdrawPayment */,
			);
			path = Withdraw;
			sourceTree = "<group>";
		};
		AC98BF842268944D00E35745 /* WithdrawTableview */ = {
			isa = PBXGroup;
			children = (
				AC98BF852268946E00E35745 /* WithdrawTableView.swift */,
			);
			path = WithdrawTableview;
			sourceTree = "<group>";
		};
		AC98BF8722689D5D00E35745 /* WithdrawHome */ = {
			isa = PBXGroup;
			children = (
				AC98BF822268935100E35745 /* WithdrawHomeVC.swift */,
				AC98BF842268944D00E35745 /* WithdrawTableview */,
			);
			path = WithdrawHome;
			sourceTree = "<group>";
		};
		AC98BF8822689D7900E35745 /* WithdrawPayment */ = {
			isa = PBXGroup;
			children = (
				AC98BF8922689DA300E35745 /* WithdrawPaymentVC.swift */,
				AC98BF8B22689F2B00E35745 /* WithdrawPaymentTableView */,
			);
			path = WithdrawPayment;
			sourceTree = "<group>";
		};
		AC98BF8B22689F2B00E35745 /* WithdrawPaymentTableView */ = {
			isa = PBXGroup;
			children = (
				AC98BF8C22689F4F00E35745 /* WithdrawPaymentTableView.swift */,
			);
			path = WithdrawPaymentTableView;
			sourceTree = "<group>";
		};
		AC9ADCF0226754BF0015FA53 /* WhatIsYourPhoneVC */ = {
			isa = PBXGroup;
			children = (
				AC9ADCF1226754FC0015FA53 /* WhatIsYourPhoneVC.swift */,
			);
			path = WhatIsYourPhoneVC;
			sourceTree = "<group>";
		};
		ACA1685922A107930050971A /* API Entities */ = {
			isa = PBXGroup;
			children = (
				ACA1685A22A107AB0050971A /* UserPriofileInfo.swift */,
			);
			path = "API Entities";
			sourceTree = "<group>";
		};
		ACA8A0DA2255F8A700EFBE1A /* Registration+LogInVCs */ = {
			isa = PBXGroup;
			children = (
				AC8D62C322574664004D0323 /* TFService.swift */,
				ACBF140322670E7800019545 /* SplashVC */,
				ACA8A0DD2255F90F00EFBE1A /* RegistrationVCs */,
				AC8D62C72257543F004D0323 /* EnterVC */,
				AC1A5272225B26DB0021B79C /* PIN VC */,
			);
			path = "Registration+LogInVCs";
			sourceTree = "<group>";
		};
		ACA8A0DD2255F90F00EFBE1A /* RegistrationVCs */ = {
			isa = PBXGroup;
			children = (
				AC9ADCF0226754BF0015FA53 /* WhatIsYourPhoneVC */,
				ACA8A0E02255FA0900EFBE1A /* VerifyPhoneVC */,
				AC6A5D1B22719EBF0004198F /* NewPasswordVC */,
				AC1FF9B72271CFC2009BE5C7 /* SetNewPINVC */,
				AC1FF9BA2271DB47009BE5C7 /* TouchFaceVC */,
			);
			path = RegistrationVCs;
			sourceTree = "<group>";
		};
		ACA8A0E02255FA0900EFBE1A /* VerifyPhoneVC */ = {
			isa = PBXGroup;
			children = (
				ACA8A0DE2255F93600EFBE1A /* VerifyPhoneVC.swift */,
				AC1BA0322270534000E60848 /* DotsView.swift */,
			);
			path = VerifyPhoneVC;
			sourceTree = "<group>";
		};
		ACB26A0C22606B64007AD399 /* Transfers */ = {
			isa = PBXGroup;
			children = (
				AC5EA167223934DA00EDA066 /* TransfersHome */,
				ACD2B8DB22AFDA7600DBDADF /* InternationalTransfers */,
				ACC7588C228BEDE60049AB57 /* PaymentNew */,
				AC110A9A223A599A00D1F8D8 /* WhatCountry */,
				AC567563223BC5B5001BBE66 /* SumAndCurrency */,
				ACFAF762223F7522008C731B /* Recipient */,
				ACFAF765223F8AE4008C731B /* Sender */,
				ACFBAC302240DE81001D9D94 /* Payment */,
			);
			path = Transfers;
			sourceTree = "<group>";
		};
		ACB26A0D22606BB9007AD399 /* Replenish */ = {
			isa = PBXGroup;
			children = (
				ACC5CAED225C707800B28E62 /* ReplenishHome */,
				ACC5CAF9225C7CF900B28E62 /* ReplenSumAndCurrency */,
				ACC5CAFC225C95B400B28E62 /* ReplenChooseCard */,
				ACD357EB225CD9960018243B /* ReplenSMS */,
			);
			path = Replenish;
			sourceTree = "<group>";
		};
		ACBC5E0B22684DFF0005C355 /* PayPhoneBill */ = {
			isa = PBXGroup;
			children = (
				ACBC5E0C22684E240005C355 /* PayPhoneBillVC.swift */,
				ACBC5E0F22684E570005C355 /* PayPhoneBillTableView.swift */,
				ACBC5E142268590C0005C355 /* PayPhoneTFDelegate.swift */,
			);
			path = PayPhoneBill;
			sourceTree = "<group>";
		};
		ACBF140322670E7800019545 /* SplashVC */ = {
			isa = PBXGroup;
			children = (
				ACBF140422670E8C00019545 /* SplashVC.swift */,
				ACBF140D22670FE000019545 /* SplashStruct.swift */,
				ACBF140822670EB300019545 /* SplashCollection */,
			);
			path = SplashVC;
			sourceTree = "<group>";
		};
		ACBF140822670EB300019545 /* SplashCollection */ = {
			isa = PBXGroup;
			children = (
				ACBF140922670ECB00019545 /* SplashCollectionView.swift */,
				ACBF140F2267117D00019545 /* SplashCollectionCell.swift */,
			);
			path = SplashCollection;
			sourceTree = "<group>";
		};
		ACC5CAED225C707800B28E62 /* ReplenishHome */ = {
			isa = PBXGroup;
			children = (
				ACC5CAEE225C711600B28E62 /* ReplenishVC.swift */,
				ACC5CAF0225C712300B28E62 /* ReplenishTableview */,
			);
			path = ReplenishHome;
			sourceTree = "<group>";
		};
		ACC5CAF0225C712300B28E62 /* ReplenishTableview */ = {
			isa = PBXGroup;
			children = (
				ACC5CAF1225C714100B28E62 /* ReplenishTableview.swift */,
				ACC5CAF5225C717700B28E62 /* ReplenishCell.swift */,
				ACC5CAF7225C718A00B28E62 /* ReplenishDescribtionCell.swift */,
			);
			path = ReplenishTableview;
			sourceTree = "<group>";
		};
		ACC5CAF9225C7CF900B28E62 /* ReplenSumAndCurrency */ = {
			isa = PBXGroup;
			children = (
				ACC5CAFA225C7D3300B28E62 /* ReplenSumAndCurrencyVC.swift */,
			);
			path = ReplenSumAndCurrency;
			sourceTree = "<group>";
		};
		ACC5CAFC225C95B400B28E62 /* ReplenChooseCard */ = {
			isa = PBXGroup;
			children = (
				ACC5CB00225C962100B28E62 /* ReplenChooseCardVC.swift */,
				ACC5CB10225CBD2C00B28E62 /* ReplenTFDelegate.swift */,
				ACC5CAFF225C95EF00B28E62 /* ReplenChooseCardTableview */,
			);
			path = ReplenChooseCard;
			sourceTree = "<group>";
		};
		ACC5CAFF225C95EF00B28E62 /* ReplenChooseCardTableview */ = {
			isa = PBXGroup;
			children = (
				ACC5CB02225C963500B28E62 /* ReplenChooseCardTableview.swift */,
				ACC5CB0A225C96B900B28E62 /* ReplenCardCell.swift */,
				ACC5CB0C225C96CC00B28E62 /* ReplenAddCardCell.swift */,
				ACC5CB0E225C96DA00B28E62 /* ReplenNewCardCell.swift */,
			);
			name = ReplenChooseCardTableview;
			path = ../..;
			sourceTree = "<group>";
		};
		ACC7588C228BEDE60049AB57 /* PaymentNew */ = {
			isa = PBXGroup;
			children = (
				ACC7588D228BEE250049AB57 /* PaymentNewVC.swift */,
				ACC75893228BF32F0049AB57 /* PaymentNewTableVIew.swift */,
				AC57897122AA9F1D002043F8 /* PaymentNewTFDelegate.swift */,
			);
			path = PaymentNew;
			sourceTree = "<group>";
		};
		ACC75899228C34280049AB57 /* ResetPasswordService */ = {
			isa = PBXGroup;
			children = (
				ACC7589A228C344B0049AB57 /* ResetPasswordService.swift */,
			);
			path = ResetPasswordService;
			sourceTree = "<group>";
		};
		ACC827402271A8EA001E5750 /* Entities + Servicies */ = {
			isa = PBXGroup;
			children = (
				ACC8273C2271A6E4001E5750 /* PasswordErrors.swift */,
				ACC827412271A930001E5750 /* PasswordSymbolManager.swift */,
			);
			path = "Entities + Servicies";
			sourceTree = "<group>";
		};
		ACD2B8DB22AFDA7600DBDADF /* InternationalTransfers */ = {
			isa = PBXGroup;
			children = (
				ACD2B8DE22AFDABE00DBDADF /* InterTransReciever */,
			);
			path = InternationalTransfers;
			sourceTree = "<group>";
		};
		ACD2B8DE22AFDABE00DBDADF /* InterTransReciever */ = {
			isa = PBXGroup;
			children = (
				ACD2B8DC22AFDAB600DBDADF /* InterTransRecieverVC.swift */,
			);
			path = InterTransReciever;
			sourceTree = "<group>";
		};
		ACD357EB225CD9960018243B /* ReplenSMS */ = {
			isa = PBXGroup;
			children = (
				ACD357EC225CD9BC0018243B /* ReplenSMSVC.swift */,
			);
			path = ReplenSMS;
			sourceTree = "<group>";
		};
		ACE139BD224259D8004EDB38 /* CardIssue */ = {
			isa = PBXGroup;
			children = (
				ACE139BE224259F6004EDB38 /* CardIssueVC.swift */,
				ACE139C022427C48004EDB38 /* CardIssueCollection */,
			);
			path = CardIssue;
			sourceTree = "<group>";
		};
		ACE139C022427C48004EDB38 /* CardIssueCollection */ = {
			isa = PBXGroup;
			children = (
				ACE139C122427C72004EDB38 /* CardIssueCollectionView.swift */,
				ACE139C522427D40004EDB38 /* CardIssueCollectionCell.swift */,
			);
			path = CardIssueCollection;
			sourceTree = "<group>";
		};
		ACEDB2D02281B39D00A82286 /* PhoneVerificationService */ = {
			isa = PBXGroup;
			children = (
				AC24624A22819CBB006C54D4 /* PhoneVerificationService.swift */,
			);
			path = PhoneVerificationService;
			sourceTree = "<group>";
		};
		ACEDB2D12281B59500A82286 /* RegistrationService */ = {
			isa = PBXGroup;
			children = (
				ACEDB2D22281B5B100A82286 /* RegistrationService.swift */,
			);
			path = RegistrationService;
			sourceTree = "<group>";
		};
		ACFAF761223F7239008C731B /* Alerts */ = {
			isa = PBXGroup;
			children = (
				AC56756D223BE652001BBE66 /* SomethingWrongVC.swift */,
				AC3FBB5B223F6B210080F6A8 /* TransferGoneVC.swift */,
				AC0D8567225DE696002C50B1 /* ReplenishGoneVC.swift */,
			);
			path = Alerts;
			sourceTree = "<group>";
		};
		ACFAF762223F7522008C731B /* Recipient */ = {
			isa = PBXGroup;
			children = (
				ACFAF763223F754A008C731B /* RecipientVC.swift */,
				AC6B2B6B225F5DC90057DCE8 /* RecipientTableview */,
			);
			path = Recipient;
			sourceTree = "<group>";
		};
		ACFAF765223F8AE4008C731B /* Sender */ = {
			isa = PBXGroup;
			children = (
				ACFAF766223F8B07008C731B /* SenderVC.swift */,
				ACFAF774223F9B94008C731B /* TFDelegate.swift */,
				ACFAF768223F8B25008C731B /* SenderTableView */,
			);
			path = Sender;
			sourceTree = "<group>";
		};
		ACFAF768223F8B25008C731B /* SenderTableView */ = {
			isa = PBXGroup;
			children = (
				ACFAF769223F8B49008C731B /* SenderTableView.swift */,
				ACFAF771223F8E2D008C731B /* SenderTableViewCells */,
			);
			path = SenderTableView;
			sourceTree = "<group>";
		};
		ACFAF771223F8E2D008C731B /* SenderTableViewCells */ = {
			isa = PBXGroup;
			children = (
				ACFAF76D223F8B82008C731B /* SenderCellCountry.swift */,
			);
			path = SenderTableViewCells;
			sourceTree = "<group>";
		};
		ACFBAC302240DE81001D9D94 /* Payment */ = {
			isa = PBXGroup;
			children = (
				ACFBAC312240DEB6001D9D94 /* PaymentVC.swift */,
				ACFBAC332240FADB001D9D94 /* PaymentTableView */,
			);
			path = Payment;
			sourceTree = "<group>";
		};
		ACFBAC332240FADB001D9D94 /* PaymentTableView */ = {
			isa = PBXGroup;
			children = (
				ACFBAC342240FAF8001D9D94 /* PaymentTableView.swift */,
				ACFBAC4522412ECF001D9D94 /* PaymentTFDelegate.swift */,
			);
			path = PaymentTableView;
			sourceTree = "<group>";
		};
		ACFBAC362240FB01001D9D94 /* PaymentCells */ = {
			isa = PBXGroup;
			children = (
				ACFAF76B223F8B6C008C731B /* SenderCellPhoneNumber.swift */,
				ACFAF76F223F8B99008C731B /* SenderCellField.swift */,
				ACC75895228C08BC0049AB57 /* SumAndCurrencyCell.swift */,
				ACFBAC372240FB1F001D9D94 /* TotalInfoCell.swift */,
				ACBD4360228EB23D002D0CF5 /* ZamBillCheckCell.swift */,
				ACFBAC392240FB35001D9D94 /* ZamBillCell.swift */,
				ACFBAC3B2240FB44001D9D94 /* AddNewCardCell.swift */,
				ACFBAC3D2240FB5D001D9D94 /* CardCell.swift */,
				ACFBAC3F2240FB6B001D9D94 /* CardDataCell.swift */,
				AC98BF7D226862F000E35745 /* PayPhoneInfoCell.swift */,
				AC57896C22AA856F002043F8 /* CardCellNewPayment.swift */,
			);
			name = PaymentCells;
			path = "/Users/atsamaz/Desktop/IOS/TestTaskZamZam/Entities + Services/PaymentCells";
			sourceTree = "<absolute>";
		};
		ACFC9B7E228D3CE7009F5798 /* UserOperations */ = {
			isa = PBXGroup;
			children = (
				ACFC9B7C228D3CE2009F5798 /* GetUserAccountsService.swift */,
				ACBD435E228EA693002D0CF5 /* ZamZamTranferService.swift */,
				AC71D92F229E918B00001C29 /* GetTransactionHistoryService.swift */,
				ACA1685722A1073E0050971A /* UserProfileService.swift */,
			);
			path = UserOperations;
			sourceTree = "<group>";
		};
		ACFC9B81228D504A009F5798 /* TokenServices */ = {
			isa = PBXGroup;
			children = (
				ACFC9B7F228D3E81009F5798 /* AppTokenService.swift */,
				ACFC9B82228D505E009F5798 /* UserTokenService.swift */,
			);
			path = TokenServices;
			sourceTree = "<group>";
		};
		B49282D93256E3D983329916 /* Frameworks */ = {
			isa = PBXGroup;
			children = (
				AC436CAC224A6503006FA348 /* Pods_TestTaskZamZam.framework */,
				5431067917531F8F88E45F19 /* Pods_TestTaskZamZam.framework */,
			);
			name = Frameworks;
			sourceTree = "<group>";
		};
		F374D9C9B0F9E58936927959 /* Pods */ = {
			isa = PBXGroup;
			children = (
				4D47AB8E0D67202E50D8162A /* Pods-TestTaskZamZam.debug.xcconfig */,
				6FEFA5C3705F6AB54AA6D217 /* Pods-TestTaskZamZam.release.xcconfig */,
			);
			path = Pods;
			sourceTree = "<group>";
		};
/* End PBXGroup section */

/* Begin PBXNativeTarget section */
		5B7DFEA8222FFAC200ECF0D3 /* TestTaskZamZam */ = {
			isa = PBXNativeTarget;
			buildConfigurationList = 5B7DFEBB222FFAC500ECF0D3 /* Build configuration list for PBXNativeTarget "TestTaskZamZam" */;
			buildPhases = (
				1BCACAF561D9D530D867FCB8 /* [CP] Check Pods Manifest.lock */,
				5B7DFEA5222FFAC200ECF0D3 /* Sources */,
				5B7DFEA6222FFAC200ECF0D3 /* Frameworks */,
				5B7DFEA7222FFAC200ECF0D3 /* Resources */,
				E42274BC9BF4FFED7A1B18D5 /* [CP] Embed Pods Frameworks */,
			);
			buildRules = (
			);
			dependencies = (
			);
			name = TestTaskZamZam;
			productName = TestTaskZamZam;
			productReference = 5B7DFEA9222FFAC200ECF0D3 /* TestTaskZamZam.app */;
			productType = "com.apple.product-type.application";
		};
/* End PBXNativeTarget section */

/* Begin PBXProject section */
		5B7DFEA1222FFAC200ECF0D3 /* Project object */ = {
			isa = PBXProject;
			attributes = {
				LastSwiftUpdateCheck = 1010;
				LastUpgradeCheck = 1010;
				ORGANIZATIONNAME = a.s.bitsoev;
				TargetAttributes = {
					5B7DFEA8222FFAC200ECF0D3 = {
						CreatedOnToolsVersion = 10.1;
						LastSwiftMigration = 1020;
					};
				};
			};
			buildConfigurationList = 5B7DFEA4222FFAC200ECF0D3 /* Build configuration list for PBXProject "TestTaskZamZam" */;
			compatibilityVersion = "Xcode 9.3";
			developmentRegion = en;
			hasScannedForEncodings = 0;
			knownRegions = (
				en,
				Base,
			);
			mainGroup = 5B7DFEA0222FFAC200ECF0D3;
			productRefGroup = 5B7DFEAA222FFAC200ECF0D3 /* Products */;
			projectDirPath = "";
			projectRoot = "";
			targets = (
				5B7DFEA8222FFAC200ECF0D3 /* TestTaskZamZam */,
			);
		};
/* End PBXProject section */

/* Begin PBXResourcesBuildPhase section */
		5B7DFEA7222FFAC200ECF0D3 /* Resources */ = {
			isa = PBXResourcesBuildPhase;
			buildActionMask = 2147483647;
			files = (
				ACE139BC2242549D004EDB38 /* CardIssue.storyboard in Resources */,
				AC924255229D142700299D51 /* PTS56F.ttf in Resources */,
				AC71D923229E784300001C29 /* History.storyboard in Resources */,
				5B7DFEB7222FFAC500ECF0D3 /* LaunchScreen.storyboard in Resources */,
				5B7DFEE62230702B00ECF0D3 /* .gitignore in Resources */,
				ACCF4ED62255EDA000D90F48 /* Registration+LogIn.storyboard in Resources */,
				AC98BF80226891BC00E35745 /* Withdraw.storyboard in Resources */,
				5B7DFEC8223007D500ECF0D3 /* Kelson Sans Regular RU.otf in Resources */,
				5B7DFEB4222FFAC500ECF0D3 /* Assets.xcassets in Resources */,
				5B7DFEB2222FFAC200ECF0D3 /* Main.storyboard in Resources */,
				ACC5CAEC225C6CB500B28E62 /* Replenish.storyboard in Resources */,
				AC924256229D142700299D51 /* PTS76F.ttf in Resources */,
				AC56756C223BE3D2001BBE66 /* AlertViewControllers.storyboard in Resources */,
				AC92424C229D0DFC00299D51 /* Profile.storyboard in Resources */,
				AC924257229D142700299D51 /* PTS75F.ttf in Resources */,
				AC924254229D142700299D51 /* PTS55F.ttf in Resources */,
				ACBC5E0A22684BFF0005C355 /* PayPhoneBill.storyboard in Resources */,
			);
			runOnlyForDeploymentPostprocessing = 0;
		};
/* End PBXResourcesBuildPhase section */

/* Begin PBXShellScriptBuildPhase section */
		1BCACAF561D9D530D867FCB8 /* [CP] Check Pods Manifest.lock */ = {
			isa = PBXShellScriptBuildPhase;
			buildActionMask = 2147483647;
			files = (
			);
			inputFileListPaths = (
			);
			inputPaths = (
				"${PODS_PODFILE_DIR_PATH}/Podfile.lock",
				"${PODS_ROOT}/Manifest.lock",
			);
			name = "[CP] Check Pods Manifest.lock";
			outputFileListPaths = (
			);
			outputPaths = (
				"$(DERIVED_FILE_DIR)/Pods-TestTaskZamZam-checkManifestLockResult.txt",
			);
			runOnlyForDeploymentPostprocessing = 0;
			shellPath = /bin/sh;
			shellScript = "diff \"${PODS_PODFILE_DIR_PATH}/Podfile.lock\" \"${PODS_ROOT}/Manifest.lock\" > /dev/null\nif [ $? != 0 ] ; then\n    # print error to STDERR\n    echo \"error: The sandbox is not in sync with the Podfile.lock. Run 'pod install' or update your CocoaPods installation.\" >&2\n    exit 1\nfi\n# This output is used by Xcode 'outputs' to avoid re-running this script phase.\necho \"SUCCESS\" > \"${SCRIPT_OUTPUT_FILE_0}\"\n";
			showEnvVarsInLog = 0;
		};
		E42274BC9BF4FFED7A1B18D5 /* [CP] Embed Pods Frameworks */ = {
			isa = PBXShellScriptBuildPhase;
			buildActionMask = 2147483647;
			files = (
			);
			inputFileListPaths = (
			);
			inputPaths = (
				"${PODS_ROOT}/Target Support Files/Pods-TestTaskZamZam/Pods-TestTaskZamZam-frameworks.sh",
				"${BUILT_PRODUCTS_DIR}/AKMaskField/AKMaskField.framework",
				"${BUILT_PRODUCTS_DIR}/Alamofire/Alamofire.framework",
				"${BUILT_PRODUCTS_DIR}/FlagKit/FlagKit.framework",
				"${BUILT_PRODUCTS_DIR}/Hero/Hero.framework",
				"${BUILT_PRODUCTS_DIR}/KeychainSwift/KeychainSwift.framework",
				"${BUILT_PRODUCTS_DIR}/PhoneNumberKit/PhoneNumberKit.framework",
				"${BUILT_PRODUCTS_DIR}/SwiftyJSON/SwiftyJSON.framework",
			);
			name = "[CP] Embed Pods Frameworks";
			outputFileListPaths = (
			);
			outputPaths = (
				"${TARGET_BUILD_DIR}/${FRAMEWORKS_FOLDER_PATH}/AKMaskField.framework",
				"${TARGET_BUILD_DIR}/${FRAMEWORKS_FOLDER_PATH}/Alamofire.framework",
				"${TARGET_BUILD_DIR}/${FRAMEWORKS_FOLDER_PATH}/FlagKit.framework",
				"${TARGET_BUILD_DIR}/${FRAMEWORKS_FOLDER_PATH}/Hero.framework",
				"${TARGET_BUILD_DIR}/${FRAMEWORKS_FOLDER_PATH}/KeychainSwift.framework",
				"${TARGET_BUILD_DIR}/${FRAMEWORKS_FOLDER_PATH}/PhoneNumberKit.framework",
				"${TARGET_BUILD_DIR}/${FRAMEWORKS_FOLDER_PATH}/SwiftyJSON.framework",
			);
			runOnlyForDeploymentPostprocessing = 0;
			shellPath = /bin/sh;
			shellScript = "\"${PODS_ROOT}/Target Support Files/Pods-TestTaskZamZam/Pods-TestTaskZamZam-frameworks.sh\"\n";
			showEnvVarsInLog = 0;
		};
/* End PBXShellScriptBuildPhase section */

/* Begin PBXSourcesBuildPhase section */
		5B7DFEA5222FFAC200ECF0D3 /* Sources */ = {
			isa = PBXSourcesBuildPhase;
			buildActionMask = 2147483647;
			files = (
				5B7DFED4223021AF00ECF0D3 /* CollectionViewCell1.swift in Sources */,
				AC8D62C422574664004D0323 /* TFService.swift in Sources */,
				AC110A99223A326500D1F8D8 /* TransDescribtionCell.swift in Sources */,
				AC110AA2223A5A5100D1F8D8 /* WhatCountryCell.swift in Sources */,
				ACBD435F228EA693002D0CF5 /* ZamZamTranferService.swift in Sources */,
				ACE7F2C4225DC0E100F001B0 /* TimerService.swift in Sources */,
				ACBF140522670E8C00019545 /* SplashVC.swift in Sources */,
				ACC5CB03225C963500B28E62 /* ReplenChooseCardTableview.swift in Sources */,
				AC9D2C0022898A3200F0DE84 /* SetNewPinEnterVC.swift in Sources */,
				ACFBAC3A2240FB35001D9D94 /* ZamBillCell.swift in Sources */,
				ACFAF764223F754A008C731B /* RecipientVC.swift in Sources */,
				ACBFD217229FDA6B009A1696 /* LoadingCell.swift in Sources */,
				ACC5CAF6225C717700B28E62 /* ReplenishCell.swift in Sources */,
				ACFBAC4622412ECF001D9D94 /* PaymentTFDelegate.swift in Sources */,
				AC5EA17022393F1D00EDA066 /* TransfersTableView.swift in Sources */,
				ACC5CB0D225C96CC00B28E62 /* ReplenAddCardCell.swift in Sources */,
				ACC5CAF8225C718A00B28E62 /* ReplenishDescribtionCell.swift in Sources */,
				ACC5CAFB225C7D3300B28E62 /* ReplenSumAndCurrencyVC.swift in Sources */,
				AC98BF862268946E00E35745 /* WithdrawTableView.swift in Sources */,
				AC71D933229EA61700001C29 /* Transaction.swift in Sources */,
				AC98BF7E226862F000E35745 /* PayPhoneInfoCell.swift in Sources */,
				ACA8A0E42256024400EFBE1A /* TwilioService.swift in Sources */,
				AC71D92A229E789900001C29 /* HistoryTransactionCell.swift in Sources */,
				ACC5CB11225CBD2C00B28E62 /* ReplenTFDelegate.swift in Sources */,
				AC829D1C229D804C0019C19B /* ButtonChooseCountry.swift in Sources */,
				ACC5CB0F225C96DA00B28E62 /* ReplenNewCardCell.swift in Sources */,
				AC5EA173223940C900EDA066 /* TransCell.swift in Sources */,
				ACFC9B7D228D3CE2009F5798 /* GetUserAccountsService.swift in Sources */,
				ACFC9B80228D3E81009F5798 /* AppTokenService.swift in Sources */,
				AC57896D22AA856F002043F8 /* CardCellNewPayment.swift in Sources */,
				ACFAF76C223F8B6C008C731B /* SenderCellPhoneNumber.swift in Sources */,
				ACBF14102267117D00019545 /* SplashCollectionCell.swift in Sources */,
				AC56756E223BE652001BBE66 /* SomethingWrongVC.swift in Sources */,
				AC924259229D15C000299D51 /* ShadowView.swift in Sources */,
				ACFAF777223FCBF4008C731B /* BorderAnimation.swift in Sources */,
				ACFBAC402240FB6B001D9D94 /* CardDataCell.swift in Sources */,
				AC92424F229D0E2F00299D51 /* ProfileVC.swift in Sources */,
				5B7DFECE223014C700ECF0D3 /* BillCell.swift in Sources */,
				AC92425D229D195800299D51 /* ProfileCell.swift in Sources */,
				ACFAF770223F8B99008C731B /* SenderCellField.swift in Sources */,
				ACFAF775223F9B94008C731B /* TFDelegate.swift in Sources */,
				ACC75896228C08BC0049AB57 /* SumAndCurrencyCell.swift in Sources */,
				AC5EA1692239353700EDA066 /* TransfersVC.swift in Sources */,
				AC3FBB5C223F6B210080F6A8 /* TransferGoneVC.swift in Sources */,
				ACBF140E22670FE000019545 /* SplashStruct.swift in Sources */,
				5B7DFEAF222FFAC200ECF0D3 /* MainVC.swift in Sources */,
				ACC5CB01225C962100B28E62 /* ReplenChooseCardVC.swift in Sources */,
				ACFC9B83228D505E009F5798 /* UserTokenService.swift in Sources */,
				ACCF259A2257743D0028C16A /* Extensions for String.swift in Sources */,
				AC829D18229D524B0019C19B /* MaterialTextFieldWithFlag.swift in Sources */,
				ACC5CAEF225C711600B28E62 /* ReplenishVC.swift in Sources */,
				AC92425F229D1DD300299D51 /* MaterialTextField.swift in Sources */,
				AC6A5D1D2271A2560004198F /* NewPasswordVC.swift in Sources */,
				AC57897222AA9F1D002043F8 /* PaymentNewTFDelegate.swift in Sources */,
				ACD357ED225CD9BC0018243B /* ReplenSMSVC.swift in Sources */,
				AC71D930229E918B00001C29 /* GetTransactionHistoryService.swift in Sources */,
				ACBC5E0D22684E240005C355 /* PayPhoneBillVC.swift in Sources */,
				ACC75894228BF32F0049AB57 /* PaymentNewTableVIew.swift in Sources */,
				AC0D8568225DE696002C50B1 /* ReplenishGoneVC.swift in Sources */,
				ACA8A0DF2255F93600EFBE1A /* VerifyPhoneVC.swift in Sources */,
				AC567565223BC5EE001BBE66 /* SumAndCurrencyVC.swift in Sources */,
				AC110A9E223A59DD00D1F8D8 /* WhatCountryTablevView.swift in Sources */,
				ACBF140A22670ECB00019545 /* SplashCollectionView.swift in Sources */,
				5B7DFEDB2230685A00ECF0D3 /* TableView.swift in Sources */,
				ACC5CAF2225C714100B28E62 /* ReplenishTableview.swift in Sources */,
				5B7DFED6223027D300ECF0D3 /* CollectionViewCell2.swift in Sources */,
				AC98BF832268935100E35745 /* WithdrawHomeVC.swift in Sources */,
				AC92425B229D190A00299D51 /* ProfileTableView.swift in Sources */,
				ACE139C222427C72004EDB38 /* CardIssueCollectionView.swift in Sources */,
				ACFBAC2F2240DB8E001D9D94 /* WhatCountryTFDelegate.swift in Sources */,
				5B7DFECA223012B400ECF0D3 /* CardBill.swift in Sources */,
				ACBC5E1022684E570005C355 /* PayPhoneBillTableView.swift in Sources */,
				ACC8273D2271A6E4001E5750 /* PasswordErrors.swift in Sources */,
				AC6E2F9A2282B660001CB42E /* EnterService.swift in Sources */,
				ACD2B8DD22AFDAB600DBDADF /* InterTransRecieverVC.swift in Sources */,
				AC6B2B6D225F5DF10057DCE8 /* RecipientTableview.swift in Sources */,
				ACFBAC3C2240FB44001D9D94 /* AddNewCardCell.swift in Sources */,
				ACC827422271A930001E5750 /* PasswordSymbolManager.swift in Sources */,
				ACE139BF224259F6004EDB38 /* CardIssueVC.swift in Sources */,
				ACBCC94D22A51327008DEFCB /* PersonalDataTfDateDelegate.swift in Sources */,
				ACD2B8E222AFDD5200DBDADF /* ButtonChooseCountryFlag.swift in Sources */,
				AC71D928229E787F00001C29 /* HistoryTableView.swift in Sources */,
				AC71D92E229E7AE900001C29 /* Zam2ZamLogosView.swift in Sources */,
				AC110AAF223A83AC00D1F8D8 /* WhatCountryTextField.swift in Sources */,
				ACBD4361228EB23D002D0CF5 /* ZamBillCheckCell.swift in Sources */,
				AC2859EC224CF85E004852C4 /* Currency.swift in Sources */,
				ACFAF76E223F8B82008C731B /* SenderCellCountry.swift in Sources */,
				AC1A5274225B26F70021B79C /* PIN VC.swift in Sources */,
				ACEDB2CD2281A56800A82286 /* NotificationNames.swift in Sources */,
				AC8D62C92257544F004D0323 /* EnterVC.swift in Sources */,
				AC110A9C223A59C200D1F8D8 /* WhatCountryVC.swift in Sources */,
				5B7DFEE422306CC800ECF0D3 /* SeparatorForNumbers.swift in Sources */,
				ACC7588E228BEE250049AB57 /* PaymentNewVC.swift in Sources */,
				ACA1685B22A107AB0050971A /* UserPriofileInfo.swift in Sources */,
				ACFAF767223F8B07008C731B /* SenderVC.swift in Sources */,
				5B7DFEDD2230698200ECF0D3 /* CollectionView.swift in Sources */,
				AC57896B22AA4609002043F8 /* CurrencySelectView.swift in Sources */,
				ACFBAC3E2240FB5D001D9D94 /* CardCell.swift in Sources */,
				AC98BF8D22689F4F00E35745 /* WithdrawPaymentTableView.swift in Sources */,
				ACFAF76A223F8B49008C731B /* SenderTableView.swift in Sources */,
				AC1FF9B92271CFE4009BE5C7 /* SetNewPINVC.swift in Sources */,
				AC1BA0332270534000E60848 /* DotsView.swift in Sources */,
				AC52107822800ADC0069B62D /* CheckRoundView.swift in Sources */,
				AC1FF9BC2271DB7B009BE5C7 /* TouchFaceVC.swift in Sources */,
				ACFBAC352240FAF8001D9D94 /* PaymentTableView.swift in Sources */,
				ACEDB2D32281B5B100A82286 /* RegistrationService.swift in Sources */,
				ACFBAC322240DEB6001D9D94 /* PaymentVC.swift in Sources */,
				ACC8273F2271A7F1001E5750 /* TFPasswordDelegate.swift in Sources */,
				AC24624B22819CBB006C54D4 /* PhoneVerificationService.swift in Sources */,
				ACFBAC2D2240C419001D9D94 /* myLabel.swift in Sources */,
				5B7DFEAD222FFAC200ECF0D3 /* AppDelegate.swift in Sources */,
				AC71D926229E787300001C29 /* HistoryVC.swift in Sources */,
				AC9ADCF2226754FC0015FA53 /* WhatIsYourPhoneVC.swift in Sources */,
				ACE139C622427D40004EDB38 /* CardIssueCollectionCell.swift in Sources */,
				5B7DFEE122306A8D00ECF0D3 /* Gradient.swift in Sources */,
				ACFBAC382240FB1F001D9D94 /* TotalInfoCell.swift in Sources */,
				AC924262229D358E00299D51 /* PersonalDataVC.swift in Sources */,
				AC98BF8A22689DA300E35745 /* WithdrawPaymentVC.swift in Sources */,
				ACBC5E13226850400005C355 /* ZamBill.swift in Sources */,
				AC567570223BEF0F001BBE66 /* UIColor+Additions.swift in Sources */,
				AC6E2F9E2282C027001CB42E /* TokensKeys.swift in Sources */,
				AC53F9DD225627B70086A0D3 /* NotificationType.swift in Sources */,
				ACBC5E152268590C0005C355 /* PayPhoneTFDelegate.swift in Sources */,
				ACA1685822A1073E0050971A /* UserProfileService.swift in Sources */,
				AC6B2B6F225F5E6A0057DCE8 /* RecipientHistoryCell.swift in Sources */,
				ACC7589B228C344B0049AB57 /* ResetPasswordService.swift in Sources */,
				ACC5CB0B225C96B900B28E62 /* ReplenCardCell.swift in Sources */,
			);
			runOnlyForDeploymentPostprocessing = 0;
		};
/* End PBXSourcesBuildPhase section */

/* Begin PBXVariantGroup section */
		5B7DFEB0222FFAC200ECF0D3 /* Main.storyboard */ = {
			isa = PBXVariantGroup;
			children = (
				5B7DFEB1222FFAC200ECF0D3 /* Base */,
			);
			name = Main.storyboard;
			sourceTree = "<group>";
		};
		5B7DFEB5222FFAC500ECF0D3 /* LaunchScreen.storyboard */ = {
			isa = PBXVariantGroup;
			children = (
				5B7DFEB6222FFAC500ECF0D3 /* Base */,
			);
			name = LaunchScreen.storyboard;
			sourceTree = "<group>";
		};
/* End PBXVariantGroup section */

/* Begin XCBuildConfiguration section */
		5B7DFEB9222FFAC500ECF0D3 /* Debug */ = {
			isa = XCBuildConfiguration;
			buildSettings = {
				ALWAYS_SEARCH_USER_PATHS = NO;
				CLANG_ANALYZER_NONNULL = YES;
				CLANG_ANALYZER_NUMBER_OBJECT_CONVERSION = YES_AGGRESSIVE;
				CLANG_CXX_LANGUAGE_STANDARD = "gnu++14";
				CLANG_CXX_LIBRARY = "libc++";
				CLANG_ENABLE_MODULES = YES;
				CLANG_ENABLE_OBJC_ARC = YES;
				CLANG_ENABLE_OBJC_WEAK = YES;
				CLANG_WARN_BLOCK_CAPTURE_AUTORELEASING = YES;
				CLANG_WARN_BOOL_CONVERSION = YES;
				CLANG_WARN_COMMA = YES;
				CLANG_WARN_CONSTANT_CONVERSION = YES;
				CLANG_WARN_DEPRECATED_OBJC_IMPLEMENTATIONS = YES;
				CLANG_WARN_DIRECT_OBJC_ISA_USAGE = YES_ERROR;
				CLANG_WARN_DOCUMENTATION_COMMENTS = YES;
				CLANG_WARN_EMPTY_BODY = YES;
				CLANG_WARN_ENUM_CONVERSION = YES;
				CLANG_WARN_INFINITE_RECURSION = YES;
				CLANG_WARN_INT_CONVERSION = YES;
				CLANG_WARN_NON_LITERAL_NULL_CONVERSION = YES;
				CLANG_WARN_OBJC_IMPLICIT_RETAIN_SELF = YES;
				CLANG_WARN_OBJC_LITERAL_CONVERSION = YES;
				CLANG_WARN_OBJC_ROOT_CLASS = YES_ERROR;
				CLANG_WARN_RANGE_LOOP_ANALYSIS = YES;
				CLANG_WARN_STRICT_PROTOTYPES = YES;
				CLANG_WARN_SUSPICIOUS_MOVE = YES;
				CLANG_WARN_UNGUARDED_AVAILABILITY = YES_AGGRESSIVE;
				CLANG_WARN_UNREACHABLE_CODE = YES;
				CLANG_WARN__DUPLICATE_METHOD_MATCH = YES;
				CODE_SIGN_IDENTITY = "iPhone Developer";
				COPY_PHASE_STRIP = NO;
				DEBUG_INFORMATION_FORMAT = dwarf;
				ENABLE_STRICT_OBJC_MSGSEND = YES;
				ENABLE_TESTABILITY = YES;
				GCC_C_LANGUAGE_STANDARD = gnu11;
				GCC_DYNAMIC_NO_PIC = NO;
				GCC_NO_COMMON_BLOCKS = YES;
				GCC_OPTIMIZATION_LEVEL = 0;
				GCC_PREPROCESSOR_DEFINITIONS = (
					"DEBUG=1",
					"$(inherited)",
				);
				GCC_WARN_64_TO_32_BIT_CONVERSION = YES;
				GCC_WARN_ABOUT_RETURN_TYPE = YES_ERROR;
				GCC_WARN_UNDECLARED_SELECTOR = YES;
				GCC_WARN_UNINITIALIZED_AUTOS = YES_AGGRESSIVE;
				GCC_WARN_UNUSED_FUNCTION = YES;
				GCC_WARN_UNUSED_VARIABLE = YES;
				IPHONEOS_DEPLOYMENT_TARGET = 12.1;
				MTL_ENABLE_DEBUG_INFO = INCLUDE_SOURCE;
				MTL_FAST_MATH = YES;
				ONLY_ACTIVE_ARCH = YES;
				SDKROOT = iphoneos;
				SWIFT_ACTIVE_COMPILATION_CONDITIONS = DEBUG;
				SWIFT_OPTIMIZATION_LEVEL = "-Onone";
			};
			name = Debug;
		};
		5B7DFEBA222FFAC500ECF0D3 /* Release */ = {
			isa = XCBuildConfiguration;
			buildSettings = {
				ALWAYS_SEARCH_USER_PATHS = NO;
				CLANG_ANALYZER_NONNULL = YES;
				CLANG_ANALYZER_NUMBER_OBJECT_CONVERSION = YES_AGGRESSIVE;
				CLANG_CXX_LANGUAGE_STANDARD = "gnu++14";
				CLANG_CXX_LIBRARY = "libc++";
				CLANG_ENABLE_MODULES = YES;
				CLANG_ENABLE_OBJC_ARC = YES;
				CLANG_ENABLE_OBJC_WEAK = YES;
				CLANG_WARN_BLOCK_CAPTURE_AUTORELEASING = YES;
				CLANG_WARN_BOOL_CONVERSION = YES;
				CLANG_WARN_COMMA = YES;
				CLANG_WARN_CONSTANT_CONVERSION = YES;
				CLANG_WARN_DEPRECATED_OBJC_IMPLEMENTATIONS = YES;
				CLANG_WARN_DIRECT_OBJC_ISA_USAGE = YES_ERROR;
				CLANG_WARN_DOCUMENTATION_COMMENTS = YES;
				CLANG_WARN_EMPTY_BODY = YES;
				CLANG_WARN_ENUM_CONVERSION = YES;
				CLANG_WARN_INFINITE_RECURSION = YES;
				CLANG_WARN_INT_CONVERSION = YES;
				CLANG_WARN_NON_LITERAL_NULL_CONVERSION = YES;
				CLANG_WARN_OBJC_IMPLICIT_RETAIN_SELF = YES;
				CLANG_WARN_OBJC_LITERAL_CONVERSION = YES;
				CLANG_WARN_OBJC_ROOT_CLASS = YES_ERROR;
				CLANG_WARN_RANGE_LOOP_ANALYSIS = YES;
				CLANG_WARN_STRICT_PROTOTYPES = YES;
				CLANG_WARN_SUSPICIOUS_MOVE = YES;
				CLANG_WARN_UNGUARDED_AVAILABILITY = YES_AGGRESSIVE;
				CLANG_WARN_UNREACHABLE_CODE = YES;
				CLANG_WARN__DUPLICATE_METHOD_MATCH = YES;
				CODE_SIGN_IDENTITY = "iPhone Developer";
				COPY_PHASE_STRIP = NO;
				DEBUG_INFORMATION_FORMAT = "dwarf-with-dsym";
				ENABLE_NS_ASSERTIONS = NO;
				ENABLE_STRICT_OBJC_MSGSEND = YES;
				GCC_C_LANGUAGE_STANDARD = gnu11;
				GCC_NO_COMMON_BLOCKS = YES;
				GCC_WARN_64_TO_32_BIT_CONVERSION = YES;
				GCC_WARN_ABOUT_RETURN_TYPE = YES_ERROR;
				GCC_WARN_UNDECLARED_SELECTOR = YES;
				GCC_WARN_UNINITIALIZED_AUTOS = YES_AGGRESSIVE;
				GCC_WARN_UNUSED_FUNCTION = YES;
				GCC_WARN_UNUSED_VARIABLE = YES;
				IPHONEOS_DEPLOYMENT_TARGET = 12.1;
				MTL_ENABLE_DEBUG_INFO = NO;
				MTL_FAST_MATH = YES;
				SDKROOT = iphoneos;
				SWIFT_COMPILATION_MODE = wholemodule;
				SWIFT_OPTIMIZATION_LEVEL = "-O";
				VALIDATE_PRODUCT = YES;
			};
			name = Release;
		};
		5B7DFEBC222FFAC500ECF0D3 /* Debug */ = {
			isa = XCBuildConfiguration;
			baseConfigurationReference = 4D47AB8E0D67202E50D8162A /* Pods-TestTaskZamZam.debug.xcconfig */;
			buildSettings = {
				ASSETCATALOG_COMPILER_APPICON_NAME = AppIcon;
				CODE_SIGN_IDENTITY = "iPhone Distribution";
				CODE_SIGN_STYLE = Manual;
				DEVELOPMENT_TEAM = GSJ37ZAC59;
				INFOPLIST_FILE = "$(SRCROOT)/Info.plist";
				IPHONEOS_DEPLOYMENT_TARGET = 10.0;
				LD_RUNPATH_SEARCH_PATHS = (
					"$(inherited)",
					"@executable_path/Frameworks",
				);
				PRODUCT_BUNDLE_IDENTIFIER = a.s.bitsoev.TestTaskZamZam;
				PRODUCT_NAME = "$(TARGET_NAME)";
				PROVISIONING_PROFILE_SPECIFIER = ZamZamNewProfile;
				SWIFT_VERSION = 5.0;
				TARGETED_DEVICE_FAMILY = 1;
			};
			name = Debug;
		};
		5B7DFEBD222FFAC500ECF0D3 /* Release */ = {
			isa = XCBuildConfiguration;
			baseConfigurationReference = 6FEFA5C3705F6AB54AA6D217 /* Pods-TestTaskZamZam.release.xcconfig */;
			buildSettings = {
				ASSETCATALOG_COMPILER_APPICON_NAME = AppIcon;
				CODE_SIGN_IDENTITY = "iPhone Distribution";
				CODE_SIGN_STYLE = Manual;
				DEVELOPMENT_TEAM = GSJ37ZAC59;
				INFOPLIST_FILE = "$(SRCROOT)/Info.plist";
				IPHONEOS_DEPLOYMENT_TARGET = 10.0;
				LD_RUNPATH_SEARCH_PATHS = (
					"$(inherited)",
					"@executable_path/Frameworks",
				);
				PRODUCT_BUNDLE_IDENTIFIER = a.s.bitsoev.TestTaskZamZam;
				PRODUCT_NAME = "$(TARGET_NAME)";
				PROVISIONING_PROFILE_SPECIFIER = ZamZamNewProfile;
				SWIFT_VERSION = 5.0;
				TARGETED_DEVICE_FAMILY = 1;
			};
			name = Release;
		};
/* End XCBuildConfiguration section */

/* Begin XCConfigurationList section */
		5B7DFEA4222FFAC200ECF0D3 /* Build configuration list for PBXProject "TestTaskZamZam" */ = {
			isa = XCConfigurationList;
			buildConfigurations = (
				5B7DFEB9222FFAC500ECF0D3 /* Debug */,
				5B7DFEBA222FFAC500ECF0D3 /* Release */,
			);
			defaultConfigurationIsVisible = 0;
			defaultConfigurationName = Release;
		};
		5B7DFEBB222FFAC500ECF0D3 /* Build configuration list for PBXNativeTarget "TestTaskZamZam" */ = {
			isa = XCConfigurationList;
			buildConfigurations = (
				5B7DFEBC222FFAC500ECF0D3 /* Debug */,
				5B7DFEBD222FFAC500ECF0D3 /* Release */,
			);
			defaultConfigurationIsVisible = 0;
			defaultConfigurationName = Release;
		};
/* End XCConfigurationList section */
	};
	rootObject = 5B7DFEA1222FFAC200ECF0D3 /* Project object */;
}
